// !$*UTF8*$!
{
	archiveVersion = 1;
	classes = {
	};
	objectVersion = 46;
	objects = {

/* Begin PBXBuildFile section */
		0F08FCD01DB1CFF50033E9F4 /* AppDelegate.swift in Sources */ = {isa = PBXBuildFile; fileRef = 0F08FCCF1DB1CFF50033E9F4 /* AppDelegate.swift */; };
		0F08FCD71DB1CFF50033E9F4 /* Main.storyboard in Resources */ = {isa = PBXBuildFile; fileRef = 0F08FCD51DB1CFF50033E9F4 /* Main.storyboard */; };
		0F08FCD91DB1CFF50033E9F4 /* Assets.xcassets in Resources */ = {isa = PBXBuildFile; fileRef = 0F08FCD81DB1CFF50033E9F4 /* Assets.xcassets */; };
		0F08FCDC1DB1CFF50033E9F4 /* LaunchScreen.storyboard in Resources */ = {isa = PBXBuildFile; fileRef = 0F08FCDA1DB1CFF50033E9F4 /* LaunchScreen.storyboard */; };
		0F08FCE71DB1CFF50033E9F4 /* SwiftPadTests.swift in Sources */ = {isa = PBXBuildFile; fileRef = 0F08FCE61DB1CFF50033E9F4 /* SwiftPadTests.swift */; };
		0F08FCF21DB1CFF50033E9F4 /* SwiftPadUITests.swift in Sources */ = {isa = PBXBuildFile; fileRef = 0F08FCF11DB1CFF50033E9F4 /* SwiftPadUITests.swift */; };
		0F796E851DB5F6CD00F94DA5 /* API.swift in Sources */ = {isa = PBXBuildFile; fileRef = 0F796E841DB5F6CD00F94DA5 /* API.swift */; };
		0F796E881DB605B700F94DA5 /* CustomTableViewCell.swift in Sources */ = {isa = PBXBuildFile; fileRef = 0F796E871DB605B700F94DA5 /* CustomTableViewCell.swift */; };
		0F796E8A1DB608DC00F94DA5 /* MarkView.swift in Sources */ = {isa = PBXBuildFile; fileRef = 0F796E891DB608DC00F94DA5 /* MarkView.swift */; };
		0FA343F31DB47F3D00BB4C7F /* CustomTableView.swift in Sources */ = {isa = PBXBuildFile; fileRef = 0FA343F21DB47F3D00BB4C7F /* CustomTableView.swift */; };
		0FA7AAA11DB466DC00409CF2 /* APPTabbarController.swift in Sources */ = {isa = PBXBuildFile; fileRef = 0FA7AAA01DB466DC00409CF2 /* APPTabbarController.swift */; };
		0FA7AAA31DB4698C00409CF2 /* CustomViewController.swift in Sources */ = {isa = PBXBuildFile; fileRef = 0FA7AAA21DB4698C00409CF2 /* CustomViewController.swift */; };
		0FA7AAA51DB46AC900409CF2 /* UITool.swift in Sources */ = {isa = PBXBuildFile; fileRef = 0FA7AAA41DB46AC900409CF2 /* UITool.swift */; };
		EFF7792548DC2FD953CE0C1D /* Pods_SwiftPadTests.framework in Frameworks */ = {isa = PBXBuildFile; fileRef = E7AC16CE2F662CBADE351D8B /* Pods_SwiftPadTests.framework */; };
		F1C969E7ACEFEAA840A88ABD /* Pods_SwiftPadUITests.framework in Frameworks */ = {isa = PBXBuildFile; fileRef = 520BEDC8E545F33EA6217936 /* Pods_SwiftPadUITests.framework */; };
		FD37B35CF9A05C5E55204CCD /* Pods_SwiftPad.framework in Frameworks */ = {isa = PBXBuildFile; fileRef = 529A2E4BC73F0E305C370F3A /* Pods_SwiftPad.framework */; };
/* End PBXBuildFile section */

/* Begin PBXContainerItemProxy section */
		0F08FCE31DB1CFF50033E9F4 /* PBXContainerItemProxy */ = {
			isa = PBXContainerItemProxy;
			containerPortal = 0F08FCC41DB1CFF40033E9F4 /* Project object */;
			proxyType = 1;
			remoteGlobalIDString = 0F08FCCB1DB1CFF40033E9F4;
			remoteInfo = SwiftPad;
		};
		0F08FCEE1DB1CFF50033E9F4 /* PBXContainerItemProxy */ = {
			isa = PBXContainerItemProxy;
			containerPortal = 0F08FCC41DB1CFF40033E9F4 /* Project object */;
			proxyType = 1;
			remoteGlobalIDString = 0F08FCCB1DB1CFF40033E9F4;
			remoteInfo = SwiftPad;
		};
/* End PBXContainerItemProxy section */

/* Begin PBXFileReference section */
		0F08FCCC1DB1CFF40033E9F4 /* SwiftPad.app */ = {isa = PBXFileReference; explicitFileType = wrapper.application; includeInIndex = 0; path = SwiftPad.app; sourceTree = BUILT_PRODUCTS_DIR; };
		0F08FCCF1DB1CFF50033E9F4 /* AppDelegate.swift */ = {isa = PBXFileReference; lastKnownFileType = sourcecode.swift; path = AppDelegate.swift; sourceTree = "<group>"; };
		0F08FCD61DB1CFF50033E9F4 /* Base */ = {isa = PBXFileReference; lastKnownFileType = file.storyboard; name = Base; path = Base.lproj/Main.storyboard; sourceTree = "<group>"; };
		0F08FCD81DB1CFF50033E9F4 /* Assets.xcassets */ = {isa = PBXFileReference; lastKnownFileType = folder.assetcatalog; path = Assets.xcassets; sourceTree = "<group>"; };
		0F08FCDB1DB1CFF50033E9F4 /* Base */ = {isa = PBXFileReference; lastKnownFileType = file.storyboard; name = Base; path = Base.lproj/LaunchScreen.storyboard; sourceTree = "<group>"; };
		0F08FCDD1DB1CFF50033E9F4 /* Info.plist */ = {isa = PBXFileReference; lastKnownFileType = text.plist.xml; path = Info.plist; sourceTree = "<group>"; };
		0F08FCE21DB1CFF50033E9F4 /* SwiftPadTests.xctest */ = {isa = PBXFileReference; explicitFileType = wrapper.cfbundle; includeInIndex = 0; path = SwiftPadTests.xctest; sourceTree = BUILT_PRODUCTS_DIR; };
		0F08FCE61DB1CFF50033E9F4 /* SwiftPadTests.swift */ = {isa = PBXFileReference; lastKnownFileType = sourcecode.swift; path = SwiftPadTests.swift; sourceTree = "<group>"; };
		0F08FCE81DB1CFF50033E9F4 /* Info.plist */ = {isa = PBXFileReference; lastKnownFileType = text.plist.xml; path = Info.plist; sourceTree = "<group>"; };
		0F08FCED1DB1CFF50033E9F4 /* SwiftPadUITests.xctest */ = {isa = PBXFileReference; explicitFileType = wrapper.cfbundle; includeInIndex = 0; path = SwiftPadUITests.xctest; sourceTree = BUILT_PRODUCTS_DIR; };
		0F08FCF11DB1CFF50033E9F4 /* SwiftPadUITests.swift */ = {isa = PBXFileReference; lastKnownFileType = sourcecode.swift; path = SwiftPadUITests.swift; sourceTree = "<group>"; };
		0F08FCF31DB1CFF50033E9F4 /* Info.plist */ = {isa = PBXFileReference; lastKnownFileType = text.plist.xml; path = Info.plist; sourceTree = "<group>"; };
		0F796E841DB5F6CD00F94DA5 /* API.swift */ = {isa = PBXFileReference; fileEncoding = 4; lastKnownFileType = sourcecode.swift; path = API.swift; sourceTree = "<group>"; };
		0F796E871DB605B700F94DA5 /* CustomTableViewCell.swift */ = {isa = PBXFileReference; fileEncoding = 4; lastKnownFileType = sourcecode.swift; path = CustomTableViewCell.swift; sourceTree = "<group>"; };
		0F796E891DB608DC00F94DA5 /* MarkView.swift */ = {isa = PBXFileReference; fileEncoding = 4; lastKnownFileType = sourcecode.swift; path = MarkView.swift; sourceTree = "<group>"; };
		0FA343F21DB47F3D00BB4C7F /* CustomTableView.swift */ = {isa = PBXFileReference; fileEncoding = 4; lastKnownFileType = sourcecode.swift; path = CustomTableView.swift; sourceTree = "<group>"; };
		0FA7AAA01DB466DC00409CF2 /* APPTabbarController.swift */ = {isa = PBXFileReference; fileEncoding = 4; lastKnownFileType = sourcecode.swift; path = APPTabbarController.swift; sourceTree = "<group>"; };
		0FA7AAA21DB4698C00409CF2 /* CustomViewController.swift */ = {isa = PBXFileReference; fileEncoding = 4; lastKnownFileType = sourcecode.swift; path = CustomViewController.swift; sourceTree = "<group>"; };
		0FA7AAA41DB46AC900409CF2 /* UITool.swift */ = {isa = PBXFileReference; fileEncoding = 4; lastKnownFileType = sourcecode.swift; path = UITool.swift; sourceTree = "<group>"; };
		154F4D929832FC5FF519ADD6 /* Pods-SwiftPadTests.debug.xcconfig */ = {isa = PBXFileReference; includeInIndex = 1; lastKnownFileType = text.xcconfig; name = "Pods-SwiftPadTests.debug.xcconfig"; path = "Pods/Target Support Files/Pods-SwiftPadTests/Pods-SwiftPadTests.debug.xcconfig"; sourceTree = "<group>"; };
		21AA7724F6101AE4FB6A98B7 /* Pods-SwiftPad.release.xcconfig */ = {isa = PBXFileReference; includeInIndex = 1; lastKnownFileType = text.xcconfig; name = "Pods-SwiftPad.release.xcconfig"; path = "Pods/Target Support Files/Pods-SwiftPad/Pods-SwiftPad.release.xcconfig"; sourceTree = "<group>"; };
		25FE869FFC271AB577CF2D32 /* Pods-SwiftPadTests.release.xcconfig */ = {isa = PBXFileReference; includeInIndex = 1; lastKnownFileType = text.xcconfig; name = "Pods-SwiftPadTests.release.xcconfig"; path = "Pods/Target Support Files/Pods-SwiftPadTests/Pods-SwiftPadTests.release.xcconfig"; sourceTree = "<group>"; };
		28694C791EFB4587AD5A2D71 /* Pods-SwiftPadUITests.release.xcconfig */ = {isa = PBXFileReference; includeInIndex = 1; lastKnownFileType = text.xcconfig; name = "Pods-SwiftPadUITests.release.xcconfig"; path = "Pods/Target Support Files/Pods-SwiftPadUITests/Pods-SwiftPadUITests.release.xcconfig"; sourceTree = "<group>"; };
		520BEDC8E545F33EA6217936 /* Pods_SwiftPadUITests.framework */ = {isa = PBXFileReference; explicitFileType = wrapper.framework; includeInIndex = 0; path = Pods_SwiftPadUITests.framework; sourceTree = BUILT_PRODUCTS_DIR; };
		529A2E4BC73F0E305C370F3A /* Pods_SwiftPad.framework */ = {isa = PBXFileReference; explicitFileType = wrapper.framework; includeInIndex = 0; path = Pods_SwiftPad.framework; sourceTree = BUILT_PRODUCTS_DIR; };
		7C54BA333F66D95A62E27705 /* Pods-SwiftPad.debug.xcconfig */ = {isa = PBXFileReference; includeInIndex = 1; lastKnownFileType = text.xcconfig; name = "Pods-SwiftPad.debug.xcconfig"; path = "Pods/Target Support Files/Pods-SwiftPad/Pods-SwiftPad.debug.xcconfig"; sourceTree = "<group>"; };
		D1F638F7D66E1EB248BB50EE /* Pods-SwiftPadUITests.debug.xcconfig */ = {isa = PBXFileReference; includeInIndex = 1; lastKnownFileType = text.xcconfig; name = "Pods-SwiftPadUITests.debug.xcconfig"; path = "Pods/Target Support Files/Pods-SwiftPadUITests/Pods-SwiftPadUITests.debug.xcconfig"; sourceTree = "<group>"; };
		E7AC16CE2F662CBADE351D8B /* Pods_SwiftPadTests.framework */ = {isa = PBXFileReference; explicitFileType = wrapper.framework; includeInIndex = 0; path = Pods_SwiftPadTests.framework; sourceTree = BUILT_PRODUCTS_DIR; };
/* End PBXFileReference section */

/* Begin PBXFrameworksBuildPhase section */
		0F08FCC91DB1CFF40033E9F4 /* Frameworks */ = {
			isa = PBXFrameworksBuildPhase;
			buildActionMask = 2147483647;
			files = (
				FD37B35CF9A05C5E55204CCD /* Pods_SwiftPad.framework in Frameworks */,
			);
			runOnlyForDeploymentPostprocessing = 0;
		};
		0F08FCDF1DB1CFF50033E9F4 /* Frameworks */ = {
			isa = PBXFrameworksBuildPhase;
			buildActionMask = 2147483647;
			files = (
				EFF7792548DC2FD953CE0C1D /* Pods_SwiftPadTests.framework in Frameworks */,
			);
			runOnlyForDeploymentPostprocessing = 0;
		};
		0F08FCEA1DB1CFF50033E9F4 /* Frameworks */ = {
			isa = PBXFrameworksBuildPhase;
			buildActionMask = 2147483647;
			files = (
				F1C969E7ACEFEAA840A88ABD /* Pods_SwiftPadUITests.framework in Frameworks */,
			);
			runOnlyForDeploymentPostprocessing = 0;
		};
/* End PBXFrameworksBuildPhase section */

/* Begin PBXGroup section */
		0F08FCC31DB1CFF40033E9F4 = {
			isa = PBXGroup;
			children = (
				0F08FCCE1DB1CFF40033E9F4 /* SwiftPad */,
				0F08FCE51DB1CFF50033E9F4 /* SwiftPadTests */,
				0F08FCF01DB1CFF50033E9F4 /* SwiftPadUITests */,
				0F08FCCD1DB1CFF40033E9F4 /* Products */,
				F8C4B56A486818AA2F8A5759 /* Pods */,
				3AB4BDB624B0C73A31A5881F /* Frameworks */,
			);
			sourceTree = "<group>";
		};
		0F08FCCD1DB1CFF40033E9F4 /* Products */ = {
			isa = PBXGroup;
			children = (
				0F08FCCC1DB1CFF40033E9F4 /* SwiftPad.app */,
				0F08FCE21DB1CFF50033E9F4 /* SwiftPadTests.xctest */,
				0F08FCED1DB1CFF50033E9F4 /* SwiftPadUITests.xctest */,
			);
			name = Products;
			sourceTree = "<group>";
		};
		0F08FCCE1DB1CFF40033E9F4 /* SwiftPad */ = {
			isa = PBXGroup;
			children = (
				0FA7AA991DB460E500409CF2 /* APP */,
				0FA7AA9D1DB4611D00409CF2 /* Controllers */,
				0FA7AA9B1DB4610700409CF2 /* Views */,
				0FA7AA9E1DB4612600409CF2 /* Models */,
				0F08FCD51DB1CFF50033E9F4 /* Main.storyboard */,
				0F08FCD81DB1CFF50033E9F4 /* Assets.xcassets */,
				0FA7AA9F1DB4613300409CF2 /* Utils */,
				0F08FCDA1DB1CFF50033E9F4 /* LaunchScreen.storyboard */,
				0F08FCDD1DB1CFF50033E9F4 /* Info.plist */,
			);
			path = SwiftPad;
			sourceTree = "<group>";
		};
		0F08FCE51DB1CFF50033E9F4 /* SwiftPadTests */ = {
			isa = PBXGroup;
			children = (
				0F08FCE61DB1CFF50033E9F4 /* SwiftPadTests.swift */,
				0F08FCE81DB1CFF50033E9F4 /* Info.plist */,
			);
			path = SwiftPadTests;
			sourceTree = "<group>";
		};
		0F08FCF01DB1CFF50033E9F4 /* SwiftPadUITests */ = {
			isa = PBXGroup;
			children = (
				0F08FCF11DB1CFF50033E9F4 /* SwiftPadUITests.swift */,
				0F08FCF31DB1CFF50033E9F4 /* Info.plist */,
			);
			path = SwiftPadUITests;
			sourceTree = "<group>";
		};
		0FA7AA991DB460E500409CF2 /* APP */ = {
			isa = PBXGroup;
			children = (
				0F08FCCF1DB1CFF50033E9F4 /* AppDelegate.swift */,
				0FA7AAA01DB466DC00409CF2 /* APPTabbarController.swift */,
				0F796E841DB5F6CD00F94DA5 /* API.swift */,
			);
			name = APP;
			sourceTree = "<group>";
		};
		0FA7AA9B1DB4610700409CF2 /* Views */ = {
			isa = PBXGroup;
			children = (
				0FA343F21DB47F3D00BB4C7F /* CustomTableView.swift */,
				0F796E871DB605B700F94DA5 /* CustomTableViewCell.swift */,
				0F796E891DB608DC00F94DA5 /* MarkView.swift */,
			);
			name = Views;
			sourceTree = "<group>";
		};
		0FA7AA9D1DB4611D00409CF2 /* Controllers */ = {
			isa = PBXGroup;
			children = (
				0FA7AAA21DB4698C00409CF2 /* CustomViewController.swift */,
			);
			name = Controllers;
			sourceTree = "<group>";
		};
		0FA7AA9E1DB4612600409CF2 /* Models */ = {
			isa = PBXGroup;
			children = (
			);
			name = Models;
			sourceTree = "<group>";
		};
		0FA7AA9F1DB4613300409CF2 /* Utils */ = {
			isa = PBXGroup;
			children = (
				0FA7AAA41DB46AC900409CF2 /* UITool.swift */,
			);
			name = Utils;
			sourceTree = "<group>";
		};
		3AB4BDB624B0C73A31A5881F /* Frameworks */ = {
			isa = PBXGroup;
			children = (
				529A2E4BC73F0E305C370F3A /* Pods_SwiftPad.framework */,
				E7AC16CE2F662CBADE351D8B /* Pods_SwiftPadTests.framework */,
				520BEDC8E545F33EA6217936 /* Pods_SwiftPadUITests.framework */,
			);
			name = Frameworks;
			sourceTree = "<group>";
		};
		F8C4B56A486818AA2F8A5759 /* Pods */ = {
			isa = PBXGroup;
			children = (
				7C54BA333F66D95A62E27705 /* Pods-SwiftPad.debug.xcconfig */,
				21AA7724F6101AE4FB6A98B7 /* Pods-SwiftPad.release.xcconfig */,
				154F4D929832FC5FF519ADD6 /* Pods-SwiftPadTests.debug.xcconfig */,
				25FE869FFC271AB577CF2D32 /* Pods-SwiftPadTests.release.xcconfig */,
				D1F638F7D66E1EB248BB50EE /* Pods-SwiftPadUITests.debug.xcconfig */,
				28694C791EFB4587AD5A2D71 /* Pods-SwiftPadUITests.release.xcconfig */,
			);
			name = Pods;
			sourceTree = "<group>";
		};
/* End PBXGroup section */

/* Begin PBXNativeTarget section */
		0F08FCCB1DB1CFF40033E9F4 /* SwiftPad */ = {
			isa = PBXNativeTarget;
			buildConfigurationList = 0F08FCF61DB1CFF50033E9F4 /* Build configuration list for PBXNativeTarget "SwiftPad" */;
			buildPhases = (
				05A715B96AC32D4B3B79300F /* 📦 Check Pods Manifest.lock */,
				0F08FCC81DB1CFF40033E9F4 /* Sources */,
				0F08FCC91DB1CFF40033E9F4 /* Frameworks */,
				0F08FCCA1DB1CFF40033E9F4 /* Resources */,
				2E7E03FEDA2F7112E2D78E7B /* 📦 Embed Pods Frameworks */,
				D40F1ADDDA629F813937A9EF /* 📦 Copy Pods Resources */,
			);
			buildRules = (
			);
			dependencies = (
			);
			name = SwiftPad;
			productName = SwiftPad;
			productReference = 0F08FCCC1DB1CFF40033E9F4 /* SwiftPad.app */;
			productType = "com.apple.product-type.application";
		};
		0F08FCE11DB1CFF50033E9F4 /* SwiftPadTests */ = {
			isa = PBXNativeTarget;
			buildConfigurationList = 0F08FCF91DB1CFF50033E9F4 /* Build configuration list for PBXNativeTarget "SwiftPadTests" */;
			buildPhases = (
				41605BD3D5F7F5E15F2ED336 /* 📦 Check Pods Manifest.lock */,
				0F08FCDE1DB1CFF50033E9F4 /* Sources */,
				0F08FCDF1DB1CFF50033E9F4 /* Frameworks */,
				0F08FCE01DB1CFF50033E9F4 /* Resources */,
				51431120D01D50D3F04E0816 /* 📦 Embed Pods Frameworks */,
				F0C2941B9208FA837A43CFD1 /* 📦 Copy Pods Resources */,
			);
			buildRules = (
			);
			dependencies = (
				0F08FCE41DB1CFF50033E9F4 /* PBXTargetDependency */,
			);
			name = SwiftPadTests;
			productName = SwiftPadTests;
			productReference = 0F08FCE21DB1CFF50033E9F4 /* SwiftPadTests.xctest */;
			productType = "com.apple.product-type.bundle.unit-test";
		};
		0F08FCEC1DB1CFF50033E9F4 /* SwiftPadUITests */ = {
			isa = PBXNativeTarget;
			buildConfigurationList = 0F08FCFC1DB1CFF50033E9F4 /* Build configuration list for PBXNativeTarget "SwiftPadUITests" */;
			buildPhases = (
				AB0A46D8067838599B273019 /* 📦 Check Pods Manifest.lock */,
				0F08FCE91DB1CFF50033E9F4 /* Sources */,
				0F08FCEA1DB1CFF50033E9F4 /* Frameworks */,
				0F08FCEB1DB1CFF50033E9F4 /* Resources */,
				47335D4ED09734A12F65D5CA /* 📦 Copy Pods Resources */,
			);
			buildRules = (
			);
			dependencies = (
				0F08FCEF1DB1CFF50033E9F4 /* PBXTargetDependency */,
			);
			name = SwiftPadUITests;
			productName = SwiftPadUITests;
			productReference = 0F08FCED1DB1CFF50033E9F4 /* SwiftPadUITests.xctest */;
			productType = "com.apple.product-type.bundle.ui-testing";
		};
/* End PBXNativeTarget section */

/* Begin PBXProject section */
		0F08FCC41DB1CFF40033E9F4 /* Project object */ = {
			isa = PBXProject;
			attributes = {
				LastSwiftUpdateCheck = 0800;
				LastUpgradeCheck = 0800;
				ORGANIZATIONNAME = buffalo;
				TargetAttributes = {
					0F08FCCB1DB1CFF40033E9F4 = {
						CreatedOnToolsVersion = 8.0;
						DevelopmentTeam = KZJH6SNM75;
						ProvisioningStyle = Automatic;
					};
					0F08FCE11DB1CFF50033E9F4 = {
						CreatedOnToolsVersion = 8.0;
						DevelopmentTeam = MKQ89D2PC4;
						ProvisioningStyle = Automatic;
						TestTargetID = 0F08FCCB1DB1CFF40033E9F4;
					};
					0F08FCEC1DB1CFF50033E9F4 = {
						CreatedOnToolsVersion = 8.0;
						DevelopmentTeam = MKQ89D2PC4;
						ProvisioningStyle = Automatic;
						TestTargetID = 0F08FCCB1DB1CFF40033E9F4;
					};
				};
			};
			buildConfigurationList = 0F08FCC71DB1CFF40033E9F4 /* Build configuration list for PBXProject "SwiftPad" */;
			compatibilityVersion = "Xcode 3.2";
			developmentRegion = English;
			hasScannedForEncodings = 0;
			knownRegions = (
				en,
				Base,
			);
			mainGroup = 0F08FCC31DB1CFF40033E9F4;
			productRefGroup = 0F08FCCD1DB1CFF40033E9F4 /* Products */;
			projectDirPath = "";
			projectRoot = "";
			targets = (
				0F08FCCB1DB1CFF40033E9F4 /* SwiftPad */,
				0F08FCE11DB1CFF50033E9F4 /* SwiftPadTests */,
				0F08FCEC1DB1CFF50033E9F4 /* SwiftPadUITests */,
			);
		};
/* End PBXProject section */

/* Begin PBXResourcesBuildPhase section */
		0F08FCCA1DB1CFF40033E9F4 /* Resources */ = {
			isa = PBXResourcesBuildPhase;
			buildActionMask = 2147483647;
			files = (
				0F08FCDC1DB1CFF50033E9F4 /* LaunchScreen.storyboard in Resources */,
				0F08FCD91DB1CFF50033E9F4 /* Assets.xcassets in Resources */,
				0F08FCD71DB1CFF50033E9F4 /* Main.storyboard in Resources */,
			);
			runOnlyForDeploymentPostprocessing = 0;
		};
		0F08FCE01DB1CFF50033E9F4 /* Resources */ = {
			isa = PBXResourcesBuildPhase;
			buildActionMask = 2147483647;
			files = (
			);
			runOnlyForDeploymentPostprocessing = 0;
		};
		0F08FCEB1DB1CFF50033E9F4 /* Resources */ = {
			isa = PBXResourcesBuildPhase;
			buildActionMask = 2147483647;
			files = (
			);
			runOnlyForDeploymentPostprocessing = 0;
		};
/* End PBXResourcesBuildPhase section */

/* Begin PBXShellScriptBuildPhase section */
		05A715B96AC32D4B3B79300F /* 📦 Check Pods Manifest.lock */ = {
			isa = PBXShellScriptBuildPhase;
			buildActionMask = 2147483647;
			files = (
			);
			inputPaths = (
			);
			name = "📦 Check Pods Manifest.lock";
			outputPaths = (
			);
			runOnlyForDeploymentPostprocessing = 0;
			shellPath = /bin/sh;
			shellScript = "diff \"${PODS_ROOT}/../Podfile.lock\" \"${PODS_ROOT}/Manifest.lock\" > /dev/null\nif [[ $? != 0 ]] ; then\n    cat << EOM\nerror: The sandbox is not in sync with the Podfile.lock. Run 'pod install' or update your CocoaPods installation.\nEOM\n    exit 1\nfi\n";
			showEnvVarsInLog = 0;
		};
		2E7E03FEDA2F7112E2D78E7B /* 📦 Embed Pods Frameworks */ = {
			isa = PBXShellScriptBuildPhase;
			buildActionMask = 2147483647;
			files = (
			);
			inputPaths = (
			);
			name = "📦 Embed Pods Frameworks";
			outputPaths = (
			);
			runOnlyForDeploymentPostprocessing = 0;
			shellPath = /bin/sh;
			shellScript = "\"${SRCROOT}/Pods/Target Support Files/Pods-SwiftPad/Pods-SwiftPad-frameworks.sh\"\n";
			showEnvVarsInLog = 0;
		};
		41605BD3D5F7F5E15F2ED336 /* 📦 Check Pods Manifest.lock */ = {
			isa = PBXShellScriptBuildPhase;
			buildActionMask = 2147483647;
			files = (
			);
			inputPaths = (
			);
			name = "📦 Check Pods Manifest.lock";
			outputPaths = (
			);
			runOnlyForDeploymentPostprocessing = 0;
			shellPath = /bin/sh;
			shellScript = "diff \"${PODS_ROOT}/../Podfile.lock\" \"${PODS_ROOT}/Manifest.lock\" > /dev/null\nif [[ $? != 0 ]] ; then\n    cat << EOM\nerror: The sandbox is not in sync with the Podfile.lock. Run 'pod install' or update your CocoaPods installation.\nEOM\n    exit 1\nfi\n";
			showEnvVarsInLog = 0;
		};
		47335D4ED09734A12F65D5CA /* 📦 Copy Pods Resources */ = {
			isa = PBXShellScriptBuildPhase;
			buildActionMask = 2147483647;
			files = (
			);
			inputPaths = (
			);
			name = "📦 Copy Pods Resources";
			outputPaths = (
			);
			runOnlyForDeploymentPostprocessing = 0;
			shellPath = /bin/sh;
			shellScript = "\"${SRCROOT}/Pods/Target Support Files/Pods-SwiftPadUITests/Pods-SwiftPadUITests-resources.sh\"\n";
			showEnvVarsInLog = 0;
		};
		51431120D01D50D3F04E0816 /* 📦 Embed Pods Frameworks */ = {
			isa = PBXShellScriptBuildPhase;
			buildActionMask = 2147483647;
			files = (
			);
			inputPaths = (
			);
			name = "📦 Embed Pods Frameworks";
			outputPaths = (
			);
			runOnlyForDeploymentPostprocessing = 0;
			shellPath = /bin/sh;
			shellScript = "\"${SRCROOT}/Pods/Target Support Files/Pods-SwiftPadTests/Pods-SwiftPadTests-frameworks.sh\"\n";
			showEnvVarsInLog = 0;
		};
		AB0A46D8067838599B273019 /* 📦 Check Pods Manifest.lock */ = {
			isa = PBXShellScriptBuildPhase;
			buildActionMask = 2147483647;
			files = (
			);
			inputPaths = (
			);
			name = "📦 Check Pods Manifest.lock";
			outputPaths = (
			);
			runOnlyForDeploymentPostprocessing = 0;
			shellPath = /bin/sh;
			shellScript = "diff \"${PODS_ROOT}/../Podfile.lock\" \"${PODS_ROOT}/Manifest.lock\" > /dev/null\nif [[ $? != 0 ]] ; then\n    cat << EOM\nerror: The sandbox is not in sync with the Podfile.lock. Run 'pod install' or update your CocoaPods installation.\nEOM\n    exit 1\nfi\n";
			showEnvVarsInLog = 0;
		};
		D40F1ADDDA629F813937A9EF /* 📦 Copy Pods Resources */ = {
			isa = PBXShellScriptBuildPhase;
			buildActionMask = 2147483647;
			files = (
			);
			inputPaths = (
			);
			name = "📦 Copy Pods Resources";
			outputPaths = (
			);
			runOnlyForDeploymentPostprocessing = 0;
			shellPath = /bin/sh;
			shellScript = "\"${SRCROOT}/Pods/Target Support Files/Pods-SwiftPad/Pods-SwiftPad-resources.sh\"\n";
			showEnvVarsInLog = 0;
		};
		F0C2941B9208FA837A43CFD1 /* 📦 Copy Pods Resources */ = {
			isa = PBXShellScriptBuildPhase;
			buildActionMask = 2147483647;
			files = (
			);
			inputPaths = (
			);
			name = "📦 Copy Pods Resources";
			outputPaths = (
			);
			runOnlyForDeploymentPostprocessing = 0;
			shellPath = /bin/sh;
			shellScript = "\"${SRCROOT}/Pods/Target Support Files/Pods-SwiftPadTests/Pods-SwiftPadTests-resources.sh\"\n";
			showEnvVarsInLog = 0;
		};
/* End PBXShellScriptBuildPhase section */

/* Begin PBXSourcesBuildPhase section */
		0F08FCC81DB1CFF40033E9F4 /* Sources */ = {
			isa = PBXSourcesBuildPhase;
			buildActionMask = 2147483647;
			files = (
				0FA343F31DB47F3D00BB4C7F /* CustomTableView.swift in Sources */,
				0FA7AAA31DB4698C00409CF2 /* CustomViewController.swift in Sources */,
				0F08FCD01DB1CFF50033E9F4 /* AppDelegate.swift in Sources */,
				0F796E881DB605B700F94DA5 /* CustomTableViewCell.swift in Sources */,
				0FA7AAA11DB466DC00409CF2 /* APPTabbarController.swift in Sources */,
				0F796E851DB5F6CD00F94DA5 /* API.swift in Sources */,
				0FA7AAA51DB46AC900409CF2 /* UITool.swift in Sources */,
				0F796E8A1DB608DC00F94DA5 /* MarkView.swift in Sources */,
			);
			runOnlyForDeploymentPostprocessing = 0;
		};
		0F08FCDE1DB1CFF50033E9F4 /* Sources */ = {
			isa = PBXSourcesBuildPhase;
			buildActionMask = 2147483647;
			files = (
				0F08FCE71DB1CFF50033E9F4 /* SwiftPadTests.swift in Sources */,
			);
			runOnlyForDeploymentPostprocessing = 0;
		};
		0F08FCE91DB1CFF50033E9F4 /* Sources */ = {
			isa = PBXSourcesBuildPhase;
			buildActionMask = 2147483647;
			files = (
				0F08FCF21DB1CFF50033E9F4 /* SwiftPadUITests.swift in Sources */,
			);
			runOnlyForDeploymentPostprocessing = 0;
		};
/* End PBXSourcesBuildPhase section */

/* Begin PBXTargetDependency section */
		0F08FCE41DB1CFF50033E9F4 /* PBXTargetDependency */ = {
			isa = PBXTargetDependency;
			target = 0F08FCCB1DB1CFF40033E9F4 /* SwiftPad */;
			targetProxy = 0F08FCE31DB1CFF50033E9F4 /* PBXContainerItemProxy */;
		};
		0F08FCEF1DB1CFF50033E9F4 /* PBXTargetDependency */ = {
			isa = PBXTargetDependency;
			target = 0F08FCCB1DB1CFF40033E9F4 /* SwiftPad */;
			targetProxy = 0F08FCEE1DB1CFF50033E9F4 /* PBXContainerItemProxy */;
		};
/* End PBXTargetDependency section */

/* Begin PBXVariantGroup section */
		0F08FCD51DB1CFF50033E9F4 /* Main.storyboard */ = {
			isa = PBXVariantGroup;
			children = (
				0F08FCD61DB1CFF50033E9F4 /* Base */,
			);
			name = Main.storyboard;
			sourceTree = "<group>";
		};
		0F08FCDA1DB1CFF50033E9F4 /* LaunchScreen.storyboard */ = {
			isa = PBXVariantGroup;
			children = (
				0F08FCDB1DB1CFF50033E9F4 /* Base */,
			);
			name = LaunchScreen.storyboard;
			sourceTree = "<group>";
		};
/* End PBXVariantGroup section */

/* Begin XCBuildConfiguration section */
		0F08FCF41DB1CFF50033E9F4 /* Debug */ = {
			isa = XCBuildConfiguration;
			buildSettings = {
				ALWAYS_SEARCH_USER_PATHS = NO;
				CLANG_ANALYZER_NONNULL = YES;
				CLANG_CXX_LANGUAGE_STANDARD = "gnu++0x";
				CLANG_CXX_LIBRARY = "libc++";
				CLANG_ENABLE_MODULES = YES;
				CLANG_ENABLE_OBJC_ARC = YES;
				CLANG_WARN_BOOL_CONVERSION = YES;
				CLANG_WARN_CONSTANT_CONVERSION = YES;
				CLANG_WARN_DIRECT_OBJC_ISA_USAGE = YES_ERROR;
				CLANG_WARN_DOCUMENTATION_COMMENTS = YES;
				CLANG_WARN_EMPTY_BODY = YES;
				CLANG_WARN_ENUM_CONVERSION = YES;
				CLANG_WARN_INFINITE_RECURSION = YES;
				CLANG_WARN_INT_CONVERSION = YES;
				CLANG_WARN_OBJC_ROOT_CLASS = YES_ERROR;
				CLANG_WARN_SUSPICIOUS_MOVES = YES;
				CLANG_WARN_UNREACHABLE_CODE = YES;
				CLANG_WARN__DUPLICATE_METHOD_MATCH = YES;
				"CODE_SIGN_IDENTITY[sdk=iphoneos*]" = "iPhone Developer";
				COPY_PHASE_STRIP = NO;
				DEBUG_INFORMATION_FORMAT = dwarf;
				ENABLE_STRICT_OBJC_MSGSEND = YES;
				ENABLE_TESTABILITY = YES;
				GCC_C_LANGUAGE_STANDARD = gnu99;
				GCC_DYNAMIC_NO_PIC = NO;
				GCC_NO_COMMON_BLOCKS = YES;
				GCC_OPTIMIZATION_LEVEL = 0;
				GCC_PREPROCESSOR_DEFINITIONS = (
					"DEBUG=1",
					"$(inherited)",
				);
				GCC_WARN_64_TO_32_BIT_CONVERSION = YES;
				GCC_WARN_ABOUT_RETURN_TYPE = YES_ERROR;
				GCC_WARN_UNDECLARED_SELECTOR = YES;
				GCC_WARN_UNINITIALIZED_AUTOS = YES_AGGRESSIVE;
				GCC_WARN_UNUSED_FUNCTION = YES;
				GCC_WARN_UNUSED_VARIABLE = YES;
				IPHONEOS_DEPLOYMENT_TARGET = 8.4;
				MTL_ENABLE_DEBUG_INFO = YES;
				ONLY_ACTIVE_ARCH = YES;
				SDKROOT = iphoneos;
				SWIFT_ACTIVE_COMPILATION_CONDITIONS = DEBUG;
				SWIFT_OPTIMIZATION_LEVEL = "-Onone";
				SWIFT_VERSION = 3.0;
				TARGETED_DEVICE_FAMILY = 2;
			};
			name = Debug;
		};
		0F08FCF51DB1CFF50033E9F4 /* Release */ = {
			isa = XCBuildConfiguration;
			buildSettings = {
				ALWAYS_SEARCH_USER_PATHS = NO;
				CLANG_ANALYZER_NONNULL = YES;
				CLANG_CXX_LANGUAGE_STANDARD = "gnu++0x";
				CLANG_CXX_LIBRARY = "libc++";
				CLANG_ENABLE_MODULES = YES;
				CLANG_ENABLE_OBJC_ARC = YES;
				CLANG_WARN_BOOL_CONVERSION = YES;
				CLANG_WARN_CONSTANT_CONVERSION = YES;
				CLANG_WARN_DIRECT_OBJC_ISA_USAGE = YES_ERROR;
				CLANG_WARN_DOCUMENTATION_COMMENTS = YES;
				CLANG_WARN_EMPTY_BODY = YES;
				CLANG_WARN_ENUM_CONVERSION = YES;
				CLANG_WARN_INFINITE_RECURSION = YES;
				CLANG_WARN_INT_CONVERSION = YES;
				CLANG_WARN_OBJC_ROOT_CLASS = YES_ERROR;
				CLANG_WARN_SUSPICIOUS_MOVES = YES;
				CLANG_WARN_UNREACHABLE_CODE = YES;
				CLANG_WARN__DUPLICATE_METHOD_MATCH = YES;
				"CODE_SIGN_IDENTITY[sdk=iphoneos*]" = "iPhone Developer";
				COPY_PHASE_STRIP = NO;
				DEBUG_INFORMATION_FORMAT = "dwarf-with-dsym";
				ENABLE_NS_ASSERTIONS = NO;
				ENABLE_STRICT_OBJC_MSGSEND = YES;
				GCC_C_LANGUAGE_STANDARD = gnu99;
				GCC_NO_COMMON_BLOCKS = YES;
				GCC_WARN_64_TO_32_BIT_CONVERSION = YES;
				GCC_WARN_ABOUT_RETURN_TYPE = YES_ERROR;
				GCC_WARN_UNDECLARED_SELECTOR = YES;
				GCC_WARN_UNINITIALIZED_AUTOS = YES_AGGRESSIVE;
				GCC_WARN_UNUSED_FUNCTION = YES;
				GCC_WARN_UNUSED_VARIABLE = YES;
				IPHONEOS_DEPLOYMENT_TARGET = 8.4;
				MTL_ENABLE_DEBUG_INFO = NO;
				SDKROOT = iphoneos;
				SWIFT_OPTIMIZATION_LEVEL = "-Owholemodule";
				SWIFT_VERSION = 3.0;
				TARGETED_DEVICE_FAMILY = 2;
				VALIDATE_PRODUCT = YES;
			};
			name = Release;
		};
		0F08FCF71DB1CFF50033E9F4 /* Debug */ = {
			isa = XCBuildConfiguration;
			baseConfigurationReference = 7C54BA333F66D95A62E27705 /* Pods-SwiftPad.debug.xcconfig */;
			buildSettings = {
				ASSETCATALOG_COMPILER_APPICON_NAME = AppIcon;
				DEVELOPMENT_TEAM = KZJH6SNM75;
				INFOPLIST_FILE = SwiftPad/Info.plist;
				IPHONEOS_DEPLOYMENT_TARGET = 9.0;
				LD_RUNPATH_SEARCH_PATHS = "$(inherited) @executable_path/Frameworks";
				PRODUCT_BUNDLE_IDENTIFIER = com.SwiftPad;
				PRODUCT_NAME = "$(TARGET_NAME)";
				SWIFT_OBJC_BRIDGING_HEADER = "";
				SWIFT_VERSION = 3.0;
			};
			name = Debug;
		};
		0F08FCF81DB1CFF50033E9F4 /* Release */ = {
			isa = XCBuildConfiguration;
			baseConfigurationReference = 21AA7724F6101AE4FB6A98B7 /* Pods-SwiftPad.release.xcconfig */;
			buildSettings = {
				ASSETCATALOG_COMPILER_APPICON_NAME = AppIcon;
				DEVELOPMENT_TEAM = KZJH6SNM75;
				INFOPLIST_FILE = SwiftPad/Info.plist;
				IPHONEOS_DEPLOYMENT_TARGET = 9.0;
				LD_RUNPATH_SEARCH_PATHS = "$(inherited) @executable_path/Frameworks";
				PRODUCT_BUNDLE_IDENTIFIER = com.SwiftPad;
				PRODUCT_NAME = "$(TARGET_NAME)";
				SWIFT_OBJC_BRIDGING_HEADER = "";
				SWIFT_VERSION = 3.0;
			};
			name = Release;
		};
		0F08FCFA1DB1CFF50033E9F4 /* Debug */ = {
			isa = XCBuildConfiguration;
			baseConfigurationReference = 154F4D929832FC5FF519ADD6 /* Pods-SwiftPadTests.debug.xcconfig */;
			buildSettings = {
				ALWAYS_EMBED_SWIFT_STANDARD_LIBRARIES = YES;
				BUNDLE_LOADER = "$(TEST_HOST)";
				DEVELOPMENT_TEAM = MKQ89D2PC4;
				INFOPLIST_FILE = SwiftPadTests/Info.plist;
				LD_RUNPATH_SEARCH_PATHS = "$(inherited) @executable_path/Frameworks @loader_path/Frameworks";
				PRODUCT_BUNDLE_IDENTIFIER = com.SwiftPadTests;
				PRODUCT_NAME = "$(TARGET_NAME)";
				SWIFT_VERSION = 3.0;
				TEST_HOST = "$(BUILT_PRODUCTS_DIR)/SwiftPad.app/SwiftPad";
			};
			name = Debug;
		};
		0F08FCFB1DB1CFF50033E9F4 /* Release */ = {
			isa = XCBuildConfiguration;
			baseConfigurationReference = 25FE869FFC271AB577CF2D32 /* Pods-SwiftPadTests.release.xcconfig */;
			buildSettings = {
				ALWAYS_EMBED_SWIFT_STANDARD_LIBRARIES = YES;
				BUNDLE_LOADER = "$(TEST_HOST)";
				DEVELOPMENT_TEAM = MKQ89D2PC4;
				INFOPLIST_FILE = SwiftPadTests/Info.plist;
				LD_RUNPATH_SEARCH_PATHS = "$(inherited) @executable_path/Frameworks @loader_path/Frameworks";
				PRODUCT_BUNDLE_IDENTIFIER = com.SwiftPadTests;
				PRODUCT_NAME = "$(TARGET_NAME)";
				SWIFT_VERSION = 3.0;
				TEST_HOST = "$(BUILT_PRODUCTS_DIR)/SwiftPad.app/SwiftPad";
			};
			name = Release;
		};
		0F08FCFD1DB1CFF50033E9F4 /* Debug */ = {
			isa = XCBuildConfiguration;
			baseConfigurationReference = D1F638F7D66E1EB248BB50EE /* Pods-SwiftPadUITests.debug.xcconfig */;
			buildSettings = {
				ALWAYS_EMBED_SWIFT_STANDARD_LIBRARIES = YES;
				DEVELOPMENT_TEAM = MKQ89D2PC4;
				INFOPLIST_FILE = SwiftPadUITests/Info.plist;
				LD_RUNPATH_SEARCH_PATHS = "$(inherited) @executable_path/Frameworks @loader_path/Frameworks";
				PRODUCT_BUNDLE_IDENTIFIER = com.SwiftPadUITests;
				PRODUCT_NAME = "$(TARGET_NAME)";
				SWIFT_VERSION = 3.0;
				TEST_TARGET_NAME = SwiftPad;
			};
			name = Debug;
		};
		0F08FCFE1DB1CFF50033E9F4 /* Release */ = {
			isa = XCBuildConfiguration;
			baseConfigurationReference = 28694C791EFB4587AD5A2D71 /* Pods-SwiftPadUITests.release.xcconfig */;
			buildSettings = {
				ALWAYS_EMBED_SWIFT_STANDARD_LIBRARIES = YES;
				DEVELOPMENT_TEAM = MKQ89D2PC4;
				INFOPLIST_FILE = SwiftPadUITests/Info.plist;
				LD_RUNPATH_SEARCH_PATHS = "$(inherited) @executable_path/Frameworks @loader_path/Frameworks";
				PRODUCT_BUNDLE_IDENTIFIER = com.SwiftPadUITests;
				PRODUCT_NAME = "$(TARGET_NAME)";
				SWIFT_VERSION = 3.0;
				TEST_TARGET_NAME = SwiftPad;
			};
			name = Release;
		};
/* End XCBuildConfiguration section */

/* Begin XCConfigurationList section */
		0F08FCC71DB1CFF40033E9F4 /* Build configuration list for PBXProject "SwiftPad" */ = {
			isa = XCConfigurationList;
			buildConfigurations = (
				0F08FCF41DB1CFF50033E9F4 /* Debug */,
				0F08FCF51DB1CFF50033E9F4 /* Release */,
			);
			defaultConfigurationIsVisible = 0;
			defaultConfigurationName = Release;
		};
		0F08FCF61DB1CFF50033E9F4 /* Build configuration list for PBXNativeTarget "SwiftPad" */ = {
			isa = XCConfigurationList;
			buildConfigurations = (
				0F08FCF71DB1CFF50033E9F4 /* Debug */,
				0F08FCF81DB1CFF50033E9F4 /* Release */,
			);
			defaultConfigurationIsVisible = 0;
			defaultConfigurationName = Release;
		};
		0F08FCF91DB1CFF50033E9F4 /* Build configuration list for PBXNativeTarget "SwiftPadTests" */ = {
			isa = XCConfigurationList;
			buildConfigurations = (
				0F08FCFA1DB1CFF50033E9F4 /* Debug */,
				0F08FCFB1DB1CFF50033E9F4 /* Release */,
			);
			defaultConfigurationIsVisible = 0;
			defaultConfigurationName = Release;
		};
		0F08FCFC1DB1CFF50033E9F4 /* Build configuration list for PBXNativeTarget "SwiftPadUITests" */ = {
			isa = XCConfigurationList;
			buildConfigurations = (
				0F08FCFD1DB1CFF50033E9F4 /* Debug */,
				0F08FCFE1DB1CFF50033E9F4 /* Release */,
			);
			defaultConfigurationIsVisible = 0;
			defaultConfigurationName = Release;
		};
/* End XCConfigurationList section */
	};
	rootObject = 0F08FCC41DB1CFF40033E9F4 /* Project object */;
}
