// !$*UTF8*$!
{
	archiveVersion = 1;
	classes = {
	};
	objectVersion = 46;
	objects = {

/* Begin PBXBuildFile section */
		0F08FCD01DB1CFF50033E9F4 /* AppDelegate.swift in Sources */ = {isa = PBXBuildFile; fileRef = 0F08FCCF1DB1CFF50033E9F4 /* AppDelegate.swift */; };
		0F08FCD71DB1CFF50033E9F4 /* Main.storyboard in Resources */ = {isa = PBXBuildFile; fileRef = 0F08FCD51DB1CFF50033E9F4 /* Main.storyboard */; };
		0F08FCD91DB1CFF50033E9F4 /* Assets.xcassets in Resources */ = {isa = PBXBuildFile; fileRef = 0F08FCD81DB1CFF50033E9F4 /* Assets.xcassets */; };
		0F08FCDC1DB1CFF50033E9F4 /* LaunchScreen.storyboard in Resources */ = {isa = PBXBuildFile; fileRef = 0F08FCDA1DB1CFF50033E9F4 /* LaunchScreen.storyboard */; };
		0F08FCE71DB1CFF50033E9F4 /* SwiftPadTests.swift in Sources */ = {isa = PBXBuildFile; fileRef = 0F08FCE61DB1CFF50033E9F4 /* SwiftPadTests.swift */; };
		0F08FCF21DB1CFF50033E9F4 /* SwiftPadUITests.swift in Sources */ = {isa = PBXBuildFile; fileRef = 0F08FCF11DB1CFF50033E9F4 /* SwiftPadUITests.swift */; };
		0F23695C1DC6135A00FD0CBC /* ReadMeViewController.swift in Sources */ = {isa = PBXBuildFile; fileRef = 0F23695B1DC6135A00FD0CBC /* ReadMeViewController.swift */; };
		0F23695E1DC6188D00FD0CBC /* Tools.swift in Sources */ = {isa = PBXBuildFile; fileRef = 0F23695D1DC6188D00FD0CBC /* Tools.swift */; };
		0F2B8DE21DC4CCCE008E682A /* DetailViewCell.swift in Sources */ = {isa = PBXBuildFile; fileRef = 0F2B8DE11DC4CCCE008E682A /* DetailViewCell.swift */; };
		0F30751C1DBF371600B6D438 /* StarAndWatchView.swift in Sources */ = {isa = PBXBuildFile; fileRef = 0F30751B1DBF371600B6D438 /* StarAndWatchView.swift */; };
		0F68EA381DC9B2D2000B8A6A /* shake_match.mp3 in Resources */ = {isa = PBXBuildFile; fileRef = 0F68EA361DC9B2D2000B8A6A /* shake_match.mp3 */; };
		0F68EA391DC9B2D2000B8A6A /* shake_sound_male.mp3 in Resources */ = {isa = PBXBuildFile; fileRef = 0F68EA371DC9B2D2000B8A6A /* shake_sound_male.mp3 */; };
		0F68EA6B1DC9B2EC000B8A6A /* arta.css in Resources */ = {isa = PBXBuildFile; fileRef = 0F68EA3A1DC9B2EC000B8A6A /* arta.css */; };
		0F68EA6C1DC9B2EC000B8A6A /* ascetic.css in Resources */ = {isa = PBXBuildFile; fileRef = 0F68EA3B1DC9B2EC000B8A6A /* ascetic.css */; };
		0F68EA6D1DC9B2EC000B8A6A /* atelier-dune.dark.css in Resources */ = {isa = PBXBuildFile; fileRef = 0F68EA3C1DC9B2EC000B8A6A /* atelier-dune.dark.css */; };
		0F68EA6E1DC9B2EC000B8A6A /* atelier-dune.light.css in Resources */ = {isa = PBXBuildFile; fileRef = 0F68EA3D1DC9B2EC000B8A6A /* atelier-dune.light.css */; };
		0F68EA6F1DC9B2EC000B8A6A /* atelier-forest.dark.css in Resources */ = {isa = PBXBuildFile; fileRef = 0F68EA3E1DC9B2EC000B8A6A /* atelier-forest.dark.css */; };
		0F68EA701DC9B2EC000B8A6A /* atelier-forest.light.css in Resources */ = {isa = PBXBuildFile; fileRef = 0F68EA3F1DC9B2EC000B8A6A /* atelier-forest.light.css */; };
		0F68EA711DC9B2EC000B8A6A /* atelier-heath.dark.css in Resources */ = {isa = PBXBuildFile; fileRef = 0F68EA401DC9B2EC000B8A6A /* atelier-heath.dark.css */; };
		0F68EA721DC9B2EC000B8A6A /* atelier-heath.light.css in Resources */ = {isa = PBXBuildFile; fileRef = 0F68EA411DC9B2EC000B8A6A /* atelier-heath.light.css */; };
		0F68EA731DC9B2EC000B8A6A /* atelier-lakeside.dark.css in Resources */ = {isa = PBXBuildFile; fileRef = 0F68EA421DC9B2EC000B8A6A /* atelier-lakeside.dark.css */; };
		0F68EA741DC9B2EC000B8A6A /* atelier-lakeside.light.css in Resources */ = {isa = PBXBuildFile; fileRef = 0F68EA431DC9B2EC000B8A6A /* atelier-lakeside.light.css */; };
		0F68EA751DC9B2EC000B8A6A /* atelier-seaside.dark.css in Resources */ = {isa = PBXBuildFile; fileRef = 0F68EA441DC9B2EC000B8A6A /* atelier-seaside.dark.css */; };
		0F68EA761DC9B2EC000B8A6A /* atelier-seaside.light.css in Resources */ = {isa = PBXBuildFile; fileRef = 0F68EA451DC9B2EC000B8A6A /* atelier-seaside.light.css */; };
		0F68EA771DC9B2EC000B8A6A /* brown_paper.css in Resources */ = {isa = PBXBuildFile; fileRef = 0F68EA461DC9B2EC000B8A6A /* brown_paper.css */; };
		0F68EA781DC9B2EC000B8A6A /* codepen-embed.css in Resources */ = {isa = PBXBuildFile; fileRef = 0F68EA471DC9B2EC000B8A6A /* codepen-embed.css */; };
		0F68EA791DC9B2EC000B8A6A /* color-brewer.css in Resources */ = {isa = PBXBuildFile; fileRef = 0F68EA481DC9B2EC000B8A6A /* color-brewer.css */; };
		0F68EA7A1DC9B2EC000B8A6A /* dark.css in Resources */ = {isa = PBXBuildFile; fileRef = 0F68EA491DC9B2EC000B8A6A /* dark.css */; };
		0F68EA7B1DC9B2EC000B8A6A /* default.css in Resources */ = {isa = PBXBuildFile; fileRef = 0F68EA4A1DC9B2EC000B8A6A /* default.css */; };
		0F68EA7C1DC9B2EC000B8A6A /* docco.css in Resources */ = {isa = PBXBuildFile; fileRef = 0F68EA4B1DC9B2EC000B8A6A /* docco.css */; };
		0F68EA7D1DC9B2EC000B8A6A /* far.css in Resources */ = {isa = PBXBuildFile; fileRef = 0F68EA4C1DC9B2EC000B8A6A /* far.css */; };
		0F68EA7E1DC9B2EC000B8A6A /* foundation.css in Resources */ = {isa = PBXBuildFile; fileRef = 0F68EA4D1DC9B2EC000B8A6A /* foundation.css */; };
		0F68EA7F1DC9B2EC000B8A6A /* github.css in Resources */ = {isa = PBXBuildFile; fileRef = 0F68EA4E1DC9B2EC000B8A6A /* github.css */; };
		0F68EA801DC9B2EC000B8A6A /* googlecode.css in Resources */ = {isa = PBXBuildFile; fileRef = 0F68EA4F1DC9B2EC000B8A6A /* googlecode.css */; };
		0F68EA811DC9B2EC000B8A6A /* hybrid.css in Resources */ = {isa = PBXBuildFile; fileRef = 0F68EA501DC9B2EC000B8A6A /* hybrid.css */; };
		0F68EA821DC9B2EC000B8A6A /* idea.css in Resources */ = {isa = PBXBuildFile; fileRef = 0F68EA511DC9B2EC000B8A6A /* idea.css */; };
		0F68EA831DC9B2EC000B8A6A /* ir_black.css in Resources */ = {isa = PBXBuildFile; fileRef = 0F68EA521DC9B2EC000B8A6A /* ir_black.css */; };
		0F68EA841DC9B2EC000B8A6A /* kimbie.dark.css in Resources */ = {isa = PBXBuildFile; fileRef = 0F68EA531DC9B2EC000B8A6A /* kimbie.dark.css */; };
		0F68EA851DC9B2EC000B8A6A /* kimbie.light.css in Resources */ = {isa = PBXBuildFile; fileRef = 0F68EA541DC9B2EC000B8A6A /* kimbie.light.css */; };
		0F68EA861DC9B2EC000B8A6A /* magula.css in Resources */ = {isa = PBXBuildFile; fileRef = 0F68EA551DC9B2EC000B8A6A /* magula.css */; };
		0F68EA871DC9B2EC000B8A6A /* mono-blue.css in Resources */ = {isa = PBXBuildFile; fileRef = 0F68EA561DC9B2EC000B8A6A /* mono-blue.css */; };
		0F68EA881DC9B2EC000B8A6A /* monokai_sublime.css in Resources */ = {isa = PBXBuildFile; fileRef = 0F68EA571DC9B2EC000B8A6A /* monokai_sublime.css */; };
		0F68EA891DC9B2EC000B8A6A /* monokai.css in Resources */ = {isa = PBXBuildFile; fileRef = 0F68EA581DC9B2EC000B8A6A /* monokai.css */; };
		0F68EA8A1DC9B2EC000B8A6A /* obsidian.css in Resources */ = {isa = PBXBuildFile; fileRef = 0F68EA591DC9B2EC000B8A6A /* obsidian.css */; };
		0F68EA8B1DC9B2EC000B8A6A /* paraiso.dark.css in Resources */ = {isa = PBXBuildFile; fileRef = 0F68EA5A1DC9B2EC000B8A6A /* paraiso.dark.css */; };
		0F68EA8C1DC9B2EC000B8A6A /* paraiso.light.css in Resources */ = {isa = PBXBuildFile; fileRef = 0F68EA5B1DC9B2EC000B8A6A /* paraiso.light.css */; };
		0F68EA8D1DC9B2EC000B8A6A /* pojoaque.css in Resources */ = {isa = PBXBuildFile; fileRef = 0F68EA5C1DC9B2EC000B8A6A /* pojoaque.css */; };
		0F68EA8E1DC9B2EC000B8A6A /* railscasts.css in Resources */ = {isa = PBXBuildFile; fileRef = 0F68EA5D1DC9B2EC000B8A6A /* railscasts.css */; };
		0F68EA8F1DC9B2EC000B8A6A /* rainbow.css in Resources */ = {isa = PBXBuildFile; fileRef = 0F68EA5E1DC9B2EC000B8A6A /* rainbow.css */; };
		0F68EA901DC9B2EC000B8A6A /* school_book.css in Resources */ = {isa = PBXBuildFile; fileRef = 0F68EA5F1DC9B2EC000B8A6A /* school_book.css */; };
		0F68EA911DC9B2EC000B8A6A /* solarized_dark.css in Resources */ = {isa = PBXBuildFile; fileRef = 0F68EA601DC9B2EC000B8A6A /* solarized_dark.css */; };
		0F68EA921DC9B2EC000B8A6A /* solarized_light.css in Resources */ = {isa = PBXBuildFile; fileRef = 0F68EA611DC9B2EC000B8A6A /* solarized_light.css */; };
		0F68EA931DC9B2EC000B8A6A /* sunburst.css in Resources */ = {isa = PBXBuildFile; fileRef = 0F68EA621DC9B2EC000B8A6A /* sunburst.css */; };
		0F68EA941DC9B2EC000B8A6A /* tomorrow-night-blue.css in Resources */ = {isa = PBXBuildFile; fileRef = 0F68EA631DC9B2EC000B8A6A /* tomorrow-night-blue.css */; };
		0F68EA951DC9B2EC000B8A6A /* tomorrow-night-bright.css in Resources */ = {isa = PBXBuildFile; fileRef = 0F68EA641DC9B2EC000B8A6A /* tomorrow-night-bright.css */; };
		0F68EA961DC9B2EC000B8A6A /* tomorrow-night-eighties.css in Resources */ = {isa = PBXBuildFile; fileRef = 0F68EA651DC9B2EC000B8A6A /* tomorrow-night-eighties.css */; };
		0F68EA971DC9B2EC000B8A6A /* tomorrow-night.css in Resources */ = {isa = PBXBuildFile; fileRef = 0F68EA661DC9B2EC000B8A6A /* tomorrow-night.css */; };
		0F68EA981DC9B2EC000B8A6A /* tomorrow.css in Resources */ = {isa = PBXBuildFile; fileRef = 0F68EA671DC9B2EC000B8A6A /* tomorrow.css */; };
		0F68EA991DC9B2EC000B8A6A /* vs.css in Resources */ = {isa = PBXBuildFile; fileRef = 0F68EA681DC9B2EC000B8A6A /* vs.css */; };
		0F68EA9A1DC9B2EC000B8A6A /* xcode.css in Resources */ = {isa = PBXBuildFile; fileRef = 0F68EA691DC9B2EC000B8A6A /* xcode.css */; };
		0F68EA9B1DC9B2EC000B8A6A /* zenburn.css in Resources */ = {isa = PBXBuildFile; fileRef = 0F68EA6A1DC9B2EC000B8A6A /* zenburn.css */; };
		0F68EAA21DC9B313000B8A6A /* code.css in Resources */ = {isa = PBXBuildFile; fileRef = 0F68EA9D1DC9B313000B8A6A /* code.css */; };
		0F68EAA31DC9B313000B8A6A /* code.html in Resources */ = {isa = PBXBuildFile; fileRef = 0F68EA9E1DC9B313000B8A6A /* code.html */; };
		0F68EAA41DC9B313000B8A6A /* format.html in Resources */ = {isa = PBXBuildFile; fileRef = 0F68EA9F1DC9B313000B8A6A /* format.html */; };
		0F68EAA51DC9B313000B8A6A /* highlight.pack.js in Resources */ = {isa = PBXBuildFile; fileRef = 0F68EAA01DC9B313000B8A6A /* highlight.pack.js */; };
		0F68EAA61DC9B313000B8A6A /* jquery.js in Resources */ = {isa = PBXBuildFile; fileRef = 0F68EAA11DC9B313000B8A6A /* jquery.js */; };
		0F6CC3D91DC9B6BA00B4C8CE /* DynamicTableViewCell.swift in Sources */ = {isa = PBXBuildFile; fileRef = 0F6CC3D81DC9B6BA00B4C8CE /* DynamicTableViewCell.swift */; };
		0F6F7B3D1DC78244007864C5 /* CodeWebViewController.swift in Sources */ = {isa = PBXBuildFile; fileRef = 0F6F7B3C1DC78244007864C5 /* CodeWebViewController.swift */; };
		0F6F7B3F1DC782B0007864C5 /* CodeImageViewController.swift in Sources */ = {isa = PBXBuildFile; fileRef = 0F6F7B3E1DC782B0007864C5 /* CodeImageViewController.swift */; };
		0F796E851DB5F6CD00F94DA5 /* API.swift in Sources */ = {isa = PBXBuildFile; fileRef = 0F796E841DB5F6CD00F94DA5 /* API.swift */; };
		0F796E881DB605B700F94DA5 /* CustomTableViewCell.swift in Sources */ = {isa = PBXBuildFile; fileRef = 0F796E871DB605B700F94DA5 /* CustomTableViewCell.swift */; };
		0F796E8A1DB608DC00F94DA5 /* MarkView.swift in Sources */ = {isa = PBXBuildFile; fileRef = 0F796E891DB608DC00F94DA5 /* MarkView.swift */; };
		0F88C58B1DCB8011003C90EC /* LoginViewController.swift in Sources */ = {isa = PBXBuildFile; fileRef = 0F88C58A1DCB8011003C90EC /* LoginViewController.swift */; };
		0F8D7E0C1DCAE16F009585EC /* UserProfileViewController.swift in Sources */ = {isa = PBXBuildFile; fileRef = 0F8D7E0B1DCAE16F009585EC /* UserProfileViewController.swift */; };
		0F8D7E101DCAEB35009585EC /* SetUpViewController.swift in Sources */ = {isa = PBXBuildFile; fileRef = 0F8D7E0F1DCAEB35009585EC /* SetUpViewController.swift */; };
		0F8D7E121DCAEE3A009585EC /* ShakingViewController.swift in Sources */ = {isa = PBXBuildFile; fileRef = 0F8D7E111DCAEE3A009585EC /* ShakingViewController.swift */; };
		0F99D3D21DBB002D004FE069 /* CustomModel.swift in Sources */ = {isa = PBXBuildFile; fileRef = 0F99D3D11DBB002D004FE069 /* CustomModel.swift */; };
		0F99D3D41DBB0041004FE069 /* Owner.swift in Sources */ = {isa = PBXBuildFile; fileRef = 0F99D3D31DBB0041004FE069 /* Owner.swift */; };
		0F99D3D61DBB0050004FE069 /* NameSpace.swift in Sources */ = {isa = PBXBuildFile; fileRef = 0F99D3D51DBB0050004FE069 /* NameSpace.swift */; };
		0FA343F31DB47F3D00BB4C7F /* CustomTableView.swift in Sources */ = {isa = PBXBuildFile; fileRef = 0FA343F21DB47F3D00BB4C7F /* CustomTableView.swift */; };
		0FA7AAA11DB466DC00409CF2 /* APPTabbarController.swift in Sources */ = {isa = PBXBuildFile; fileRef = 0FA7AAA01DB466DC00409CF2 /* APPTabbarController.swift */; };
		0FA7AAA31DB4698C00409CF2 /* CustomViewController.swift in Sources */ = {isa = PBXBuildFile; fileRef = 0FA7AAA21DB4698C00409CF2 /* CustomViewController.swift */; };
		0FA7AAA51DB46AC900409CF2 /* UITool.swift in Sources */ = {isa = PBXBuildFile; fileRef = 0FA7AAA41DB46AC900409CF2 /* UITool.swift */; };
		0FB222F51DC7213900B2486A /* CodeTableViewController.swift in Sources */ = {isa = PBXBuildFile; fileRef = 0FB222F41DC7213900B2486A /* CodeTableViewController.swift */; };
		0FB222F71DC724DF00B2486A /* CodeModel.swift in Sources */ = {isa = PBXBuildFile; fileRef = 0FB222F61DC724DF00B2486A /* CodeModel.swift */; };
		0FBC866F1DBCA75300961073 /* DetailViewController.swift in Sources */ = {isa = PBXBuildFile; fileRef = 0FBC866E1DBCA75300961073 /* DetailViewController.swift */; };
		0FBC86751DBCABEB00961073 /* DetailStateCell.swift in Sources */ = {isa = PBXBuildFile; fileRef = 0FBC86741DBCABEB00961073 /* DetailStateCell.swift */; };
		0FD62E421DC21FF700E9EF93 /* DetailProfileCell_Title.swift in Sources */ = {isa = PBXBuildFile; fileRef = 0FD62E411DC21FF700E9EF93 /* DetailProfileCell_Title.swift */; };
		0FD62E441DC2201A00E9EF93 /* DetailProfileCell_Content.swift in Sources */ = {isa = PBXBuildFile; fileRef = 0FD62E431DC2201A00E9EF93 /* DetailProfileCell_Content.swift */; };
		0FF911AB1DB74B3100F664A8 /* CustomCollectionController.swift in Sources */ = {isa = PBXBuildFile; fileRef = 0FF911AA1DB74B3100F664A8 /* CustomCollectionController.swift */; };
		0FF911AD1DB74B5F00F664A8 /* CustomCollectionViewCell.swift in Sources */ = {isa = PBXBuildFile; fileRef = 0FF911AC1DB74B5F00F664A8 /* CustomCollectionViewCell.swift */; };
		EFF7792548DC2FD953CE0C1D /* Pods_SwiftPadTests.framework in Frameworks */ = {isa = PBXBuildFile; fileRef = E7AC16CE2F662CBADE351D8B /* Pods_SwiftPadTests.framework */; };
		F1C969E7ACEFEAA840A88ABD /* Pods_SwiftPadUITests.framework in Frameworks */ = {isa = PBXBuildFile; fileRef = 520BEDC8E545F33EA6217936 /* Pods_SwiftPadUITests.framework */; };
		FD37B35CF9A05C5E55204CCD /* Pods_SwiftPad.framework in Frameworks */ = {isa = PBXBuildFile; fileRef = 529A2E4BC73F0E305C370F3A /* Pods_SwiftPad.framework */; };
/* End PBXBuildFile section */

/* Begin PBXContainerItemProxy section */
		0F08FCE31DB1CFF50033E9F4 /* PBXContainerItemProxy */ = {
			isa = PBXContainerItemProxy;
			containerPortal = 0F08FCC41DB1CFF40033E9F4 /* Project object */;
			proxyType = 1;
			remoteGlobalIDString = 0F08FCCB1DB1CFF40033E9F4;
			remoteInfo = SwiftPad;
		};
		0F08FCEE1DB1CFF50033E9F4 /* PBXContainerItemProxy */ = {
			isa = PBXContainerItemProxy;
			containerPortal = 0F08FCC41DB1CFF40033E9F4 /* Project object */;
			proxyType = 1;
			remoteGlobalIDString = 0F08FCCB1DB1CFF40033E9F4;
			remoteInfo = SwiftPad;
		};
/* End PBXContainerItemProxy section */

/* Begin PBXFileReference section */
		0F08FCCC1DB1CFF40033E9F4 /* SwiftPad.app */ = {isa = PBXFileReference; explicitFileType = wrapper.application; includeInIndex = 0; path = SwiftPad.app; sourceTree = BUILT_PRODUCTS_DIR; };
		0F08FCCF1DB1CFF50033E9F4 /* AppDelegate.swift */ = {isa = PBXFileReference; lastKnownFileType = sourcecode.swift; path = AppDelegate.swift; sourceTree = "<group>"; };
		0F08FCD61DB1CFF50033E9F4 /* Base */ = {isa = PBXFileReference; lastKnownFileType = file.storyboard; name = Base; path = Base.lproj/Main.storyboard; sourceTree = "<group>"; };
		0F08FCD81DB1CFF50033E9F4 /* Assets.xcassets */ = {isa = PBXFileReference; lastKnownFileType = folder.assetcatalog; path = Assets.xcassets; sourceTree = "<group>"; };
		0F08FCDB1DB1CFF50033E9F4 /* Base */ = {isa = PBXFileReference; lastKnownFileType = file.storyboard; name = Base; path = Base.lproj/LaunchScreen.storyboard; sourceTree = "<group>"; };
		0F08FCDD1DB1CFF50033E9F4 /* Info.plist */ = {isa = PBXFileReference; lastKnownFileType = text.plist.xml; path = Info.plist; sourceTree = "<group>"; };
		0F08FCE21DB1CFF50033E9F4 /* SwiftPadTests.xctest */ = {isa = PBXFileReference; explicitFileType = wrapper.cfbundle; includeInIndex = 0; path = SwiftPadTests.xctest; sourceTree = BUILT_PRODUCTS_DIR; };
		0F08FCE61DB1CFF50033E9F4 /* SwiftPadTests.swift */ = {isa = PBXFileReference; lastKnownFileType = sourcecode.swift; path = SwiftPadTests.swift; sourceTree = "<group>"; };
		0F08FCE81DB1CFF50033E9F4 /* Info.plist */ = {isa = PBXFileReference; lastKnownFileType = text.plist.xml; path = Info.plist; sourceTree = "<group>"; };
		0F08FCED1DB1CFF50033E9F4 /* SwiftPadUITests.xctest */ = {isa = PBXFileReference; explicitFileType = wrapper.cfbundle; includeInIndex = 0; path = SwiftPadUITests.xctest; sourceTree = BUILT_PRODUCTS_DIR; };
		0F08FCF11DB1CFF50033E9F4 /* SwiftPadUITests.swift */ = {isa = PBXFileReference; lastKnownFileType = sourcecode.swift; path = SwiftPadUITests.swift; sourceTree = "<group>"; };
		0F08FCF31DB1CFF50033E9F4 /* Info.plist */ = {isa = PBXFileReference; lastKnownFileType = text.plist.xml; path = Info.plist; sourceTree = "<group>"; };
		0F23695B1DC6135A00FD0CBC /* ReadMeViewController.swift */ = {isa = PBXFileReference; fileEncoding = 4; lastKnownFileType = sourcecode.swift; path = ReadMeViewController.swift; sourceTree = "<group>"; };
		0F23695D1DC6188D00FD0CBC /* Tools.swift */ = {isa = PBXFileReference; fileEncoding = 4; lastKnownFileType = sourcecode.swift; path = Tools.swift; sourceTree = "<group>"; };
		0F2B8DE11DC4CCCE008E682A /* DetailViewCell.swift */ = {isa = PBXFileReference; fileEncoding = 4; lastKnownFileType = sourcecode.swift; path = DetailViewCell.swift; sourceTree = "<group>"; };
		0F30751B1DBF371600B6D438 /* StarAndWatchView.swift */ = {isa = PBXFileReference; fileEncoding = 4; lastKnownFileType = sourcecode.swift; path = StarAndWatchView.swift; sourceTree = "<group>"; };
		0F68EA361DC9B2D2000B8A6A /* shake_match.mp3 */ = {isa = PBXFileReference; lastKnownFileType = audio.mp3; path = shake_match.mp3; sourceTree = "<group>"; };
		0F68EA371DC9B2D2000B8A6A /* shake_sound_male.mp3 */ = {isa = PBXFileReference; lastKnownFileType = audio.mp3; path = shake_sound_male.mp3; sourceTree = "<group>"; };
		0F68EA3A1DC9B2EC000B8A6A /* arta.css */ = {isa = PBXFileReference; fileEncoding = 4; lastKnownFileType = text.css; path = arta.css; sourceTree = "<group>"; };
		0F68EA3B1DC9B2EC000B8A6A /* ascetic.css */ = {isa = PBXFileReference; fileEncoding = 4; lastKnownFileType = text.css; path = ascetic.css; sourceTree = "<group>"; };
		0F68EA3C1DC9B2EC000B8A6A /* atelier-dune.dark.css */ = {isa = PBXFileReference; fileEncoding = 4; lastKnownFileType = text.css; path = "atelier-dune.dark.css"; sourceTree = "<group>"; };
		0F68EA3D1DC9B2EC000B8A6A /* atelier-dune.light.css */ = {isa = PBXFileReference; fileEncoding = 4; lastKnownFileType = text.css; path = "atelier-dune.light.css"; sourceTree = "<group>"; };
		0F68EA3E1DC9B2EC000B8A6A /* atelier-forest.dark.css */ = {isa = PBXFileReference; fileEncoding = 4; lastKnownFileType = text.css; path = "atelier-forest.dark.css"; sourceTree = "<group>"; };
		0F68EA3F1DC9B2EC000B8A6A /* atelier-forest.light.css */ = {isa = PBXFileReference; fileEncoding = 4; lastKnownFileType = text.css; path = "atelier-forest.light.css"; sourceTree = "<group>"; };
		0F68EA401DC9B2EC000B8A6A /* atelier-heath.dark.css */ = {isa = PBXFileReference; fileEncoding = 4; lastKnownFileType = text.css; path = "atelier-heath.dark.css"; sourceTree = "<group>"; };
		0F68EA411DC9B2EC000B8A6A /* atelier-heath.light.css */ = {isa = PBXFileReference; fileEncoding = 4; lastKnownFileType = text.css; path = "atelier-heath.light.css"; sourceTree = "<group>"; };
		0F68EA421DC9B2EC000B8A6A /* atelier-lakeside.dark.css */ = {isa = PBXFileReference; fileEncoding = 4; lastKnownFileType = text.css; path = "atelier-lakeside.dark.css"; sourceTree = "<group>"; };
		0F68EA431DC9B2EC000B8A6A /* atelier-lakeside.light.css */ = {isa = PBXFileReference; fileEncoding = 4; lastKnownFileType = text.css; path = "atelier-lakeside.light.css"; sourceTree = "<group>"; };
		0F68EA441DC9B2EC000B8A6A /* atelier-seaside.dark.css */ = {isa = PBXFileReference; fileEncoding = 4; lastKnownFileType = text.css; path = "atelier-seaside.dark.css"; sourceTree = "<group>"; };
		0F68EA451DC9B2EC000B8A6A /* atelier-seaside.light.css */ = {isa = PBXFileReference; fileEncoding = 4; lastKnownFileType = text.css; path = "atelier-seaside.light.css"; sourceTree = "<group>"; };
		0F68EA461DC9B2EC000B8A6A /* brown_paper.css */ = {isa = PBXFileReference; fileEncoding = 4; lastKnownFileType = text.css; path = brown_paper.css; sourceTree = "<group>"; };
		0F68EA471DC9B2EC000B8A6A /* codepen-embed.css */ = {isa = PBXFileReference; fileEncoding = 4; lastKnownFileType = text.css; path = "codepen-embed.css"; sourceTree = "<group>"; };
		0F68EA481DC9B2EC000B8A6A /* color-brewer.css */ = {isa = PBXFileReference; fileEncoding = 4; lastKnownFileType = text.css; path = "color-brewer.css"; sourceTree = "<group>"; };
		0F68EA491DC9B2EC000B8A6A /* dark.css */ = {isa = PBXFileReference; fileEncoding = 4; lastKnownFileType = text.css; path = dark.css; sourceTree = "<group>"; };
		0F68EA4A1DC9B2EC000B8A6A /* default.css */ = {isa = PBXFileReference; fileEncoding = 4; lastKnownFileType = text.css; path = default.css; sourceTree = "<group>"; };
		0F68EA4B1DC9B2EC000B8A6A /* docco.css */ = {isa = PBXFileReference; fileEncoding = 4; lastKnownFileType = text.css; path = docco.css; sourceTree = "<group>"; };
		0F68EA4C1DC9B2EC000B8A6A /* far.css */ = {isa = PBXFileReference; fileEncoding = 4; lastKnownFileType = text.css; path = far.css; sourceTree = "<group>"; };
		0F68EA4D1DC9B2EC000B8A6A /* foundation.css */ = {isa = PBXFileReference; fileEncoding = 4; lastKnownFileType = text.css; path = foundation.css; sourceTree = "<group>"; };
		0F68EA4E1DC9B2EC000B8A6A /* github.css */ = {isa = PBXFileReference; fileEncoding = 4; lastKnownFileType = text.css; path = github.css; sourceTree = "<group>"; };
		0F68EA4F1DC9B2EC000B8A6A /* googlecode.css */ = {isa = PBXFileReference; fileEncoding = 4; lastKnownFileType = text.css; path = googlecode.css; sourceTree = "<group>"; };
		0F68EA501DC9B2EC000B8A6A /* hybrid.css */ = {isa = PBXFileReference; fileEncoding = 4; lastKnownFileType = text.css; path = hybrid.css; sourceTree = "<group>"; };
		0F68EA511DC9B2EC000B8A6A /* idea.css */ = {isa = PBXFileReference; fileEncoding = 4; lastKnownFileType = text.css; path = idea.css; sourceTree = "<group>"; };
		0F68EA521DC9B2EC000B8A6A /* ir_black.css */ = {isa = PBXFileReference; fileEncoding = 4; lastKnownFileType = text.css; path = ir_black.css; sourceTree = "<group>"; };
		0F68EA531DC9B2EC000B8A6A /* kimbie.dark.css */ = {isa = PBXFileReference; fileEncoding = 4; lastKnownFileType = text.css; path = kimbie.dark.css; sourceTree = "<group>"; };
		0F68EA541DC9B2EC000B8A6A /* kimbie.light.css */ = {isa = PBXFileReference; fileEncoding = 4; lastKnownFileType = text.css; path = kimbie.light.css; sourceTree = "<group>"; };
		0F68EA551DC9B2EC000B8A6A /* magula.css */ = {isa = PBXFileReference; fileEncoding = 4; lastKnownFileType = text.css; path = magula.css; sourceTree = "<group>"; };
		0F68EA561DC9B2EC000B8A6A /* mono-blue.css */ = {isa = PBXFileReference; fileEncoding = 4; lastKnownFileType = text.css; path = "mono-blue.css"; sourceTree = "<group>"; };
		0F68EA571DC9B2EC000B8A6A /* monokai_sublime.css */ = {isa = PBXFileReference; fileEncoding = 4; lastKnownFileType = text.css; path = monokai_sublime.css; sourceTree = "<group>"; };
		0F68EA581DC9B2EC000B8A6A /* monokai.css */ = {isa = PBXFileReference; fileEncoding = 4; lastKnownFileType = text.css; path = monokai.css; sourceTree = "<group>"; };
		0F68EA591DC9B2EC000B8A6A /* obsidian.css */ = {isa = PBXFileReference; fileEncoding = 4; lastKnownFileType = text.css; path = obsidian.css; sourceTree = "<group>"; };
		0F68EA5A1DC9B2EC000B8A6A /* paraiso.dark.css */ = {isa = PBXFileReference; fileEncoding = 4; lastKnownFileType = text.css; path = paraiso.dark.css; sourceTree = "<group>"; };
		0F68EA5B1DC9B2EC000B8A6A /* paraiso.light.css */ = {isa = PBXFileReference; fileEncoding = 4; lastKnownFileType = text.css; path = paraiso.light.css; sourceTree = "<group>"; };
		0F68EA5C1DC9B2EC000B8A6A /* pojoaque.css */ = {isa = PBXFileReference; fileEncoding = 4; lastKnownFileType = text.css; path = pojoaque.css; sourceTree = "<group>"; };
		0F68EA5D1DC9B2EC000B8A6A /* railscasts.css */ = {isa = PBXFileReference; fileEncoding = 4; lastKnownFileType = text.css; path = railscasts.css; sourceTree = "<group>"; };
		0F68EA5E1DC9B2EC000B8A6A /* rainbow.css */ = {isa = PBXFileReference; fileEncoding = 4; lastKnownFileType = text.css; path = rainbow.css; sourceTree = "<group>"; };
		0F68EA5F1DC9B2EC000B8A6A /* school_book.css */ = {isa = PBXFileReference; fileEncoding = 4; lastKnownFileType = text.css; path = school_book.css; sourceTree = "<group>"; };
		0F68EA601DC9B2EC000B8A6A /* solarized_dark.css */ = {isa = PBXFileReference; fileEncoding = 4; lastKnownFileType = text.css; path = solarized_dark.css; sourceTree = "<group>"; };
		0F68EA611DC9B2EC000B8A6A /* solarized_light.css */ = {isa = PBXFileReference; fileEncoding = 4; lastKnownFileType = text.css; path = solarized_light.css; sourceTree = "<group>"; };
		0F68EA621DC9B2EC000B8A6A /* sunburst.css */ = {isa = PBXFileReference; fileEncoding = 4; lastKnownFileType = text.css; path = sunburst.css; sourceTree = "<group>"; };
		0F68EA631DC9B2EC000B8A6A /* tomorrow-night-blue.css */ = {isa = PBXFileReference; fileEncoding = 4; lastKnownFileType = text.css; path = "tomorrow-night-blue.css"; sourceTree = "<group>"; };
		0F68EA641DC9B2EC000B8A6A /* tomorrow-night-bright.css */ = {isa = PBXFileReference; fileEncoding = 4; lastKnownFileType = text.css; path = "tomorrow-night-bright.css"; sourceTree = "<group>"; };
		0F68EA651DC9B2EC000B8A6A /* tomorrow-night-eighties.css */ = {isa = PBXFileReference; fileEncoding = 4; lastKnownFileType = text.css; path = "tomorrow-night-eighties.css"; sourceTree = "<group>"; };
		0F68EA661DC9B2EC000B8A6A /* tomorrow-night.css */ = {isa = PBXFileReference; fileEncoding = 4; lastKnownFileType = text.css; path = "tomorrow-night.css"; sourceTree = "<group>"; };
		0F68EA671DC9B2EC000B8A6A /* tomorrow.css */ = {isa = PBXFileReference; fileEncoding = 4; lastKnownFileType = text.css; path = tomorrow.css; sourceTree = "<group>"; };
		0F68EA681DC9B2EC000B8A6A /* vs.css */ = {isa = PBXFileReference; fileEncoding = 4; lastKnownFileType = text.css; path = vs.css; sourceTree = "<group>"; };
		0F68EA691DC9B2EC000B8A6A /* xcode.css */ = {isa = PBXFileReference; fileEncoding = 4; lastKnownFileType = text.css; path = xcode.css; sourceTree = "<group>"; };
		0F68EA6A1DC9B2EC000B8A6A /* zenburn.css */ = {isa = PBXFileReference; fileEncoding = 4; lastKnownFileType = text.css; path = zenburn.css; sourceTree = "<group>"; };
		0F68EA9D1DC9B313000B8A6A /* code.css */ = {isa = PBXFileReference; fileEncoding = 4; lastKnownFileType = text.css; path = code.css; sourceTree = "<group>"; };
		0F68EA9E1DC9B313000B8A6A /* code.html */ = {isa = PBXFileReference; fileEncoding = 4; lastKnownFileType = text.html; path = code.html; sourceTree = "<group>"; };
		0F68EA9F1DC9B313000B8A6A /* format.html */ = {isa = PBXFileReference; fileEncoding = 4; lastKnownFileType = text.html; path = format.html; sourceTree = "<group>"; };
		0F68EAA01DC9B313000B8A6A /* highlight.pack.js */ = {isa = PBXFileReference; fileEncoding = 4; lastKnownFileType = sourcecode.javascript; path = highlight.pack.js; sourceTree = "<group>"; };
		0F68EAA11DC9B313000B8A6A /* jquery.js */ = {isa = PBXFileReference; fileEncoding = 4; lastKnownFileType = sourcecode.javascript; path = jquery.js; sourceTree = "<group>"; };
		0F6CC3D81DC9B6BA00B4C8CE /* DynamicTableViewCell.swift */ = {isa = PBXFileReference; fileEncoding = 4; lastKnownFileType = sourcecode.swift; path = DynamicTableViewCell.swift; sourceTree = "<group>"; };
		0F6F7B3C1DC78244007864C5 /* CodeWebViewController.swift */ = {isa = PBXFileReference; fileEncoding = 4; lastKnownFileType = sourcecode.swift; path = CodeWebViewController.swift; sourceTree = "<group>"; };
		0F6F7B3E1DC782B0007864C5 /* CodeImageViewController.swift */ = {isa = PBXFileReference; fileEncoding = 4; lastKnownFileType = sourcecode.swift; path = CodeImageViewController.swift; sourceTree = "<group>"; };
		0F796E841DB5F6CD00F94DA5 /* API.swift */ = {isa = PBXFileReference; fileEncoding = 4; lastKnownFileType = sourcecode.swift; path = API.swift; sourceTree = "<group>"; };
		0F796E871DB605B700F94DA5 /* CustomTableViewCell.swift */ = {isa = PBXFileReference; fileEncoding = 4; lastKnownFileType = sourcecode.swift; path = CustomTableViewCell.swift; sourceTree = "<group>"; };
		0F796E891DB608DC00F94DA5 /* MarkView.swift */ = {isa = PBXFileReference; fileEncoding = 4; lastKnownFileType = sourcecode.swift; path = MarkView.swift; sourceTree = "<group>"; };
		0F88C58A1DCB8011003C90EC /* LoginViewController.swift */ = {isa = PBXFileReference; fileEncoding = 4; lastKnownFileType = sourcecode.swift; path = LoginViewController.swift; sourceTree = "<group>"; };
		0F8D7E0B1DCAE16F009585EC /* UserProfileViewController.swift */ = {isa = PBXFileReference; fileEncoding = 4; lastKnownFileType = sourcecode.swift; path = UserProfileViewController.swift; sourceTree = "<group>"; };
		0F8D7E0F1DCAEB35009585EC /* SetUpViewController.swift */ = {isa = PBXFileReference; fileEncoding = 4; lastKnownFileType = sourcecode.swift; path = SetUpViewController.swift; sourceTree = "<group>"; };
		0F8D7E111DCAEE3A009585EC /* ShakingViewController.swift */ = {isa = PBXFileReference; fileEncoding = 4; lastKnownFileType = sourcecode.swift; path = ShakingViewController.swift; sourceTree = "<group>"; };
		0F99D3D11DBB002D004FE069 /* CustomModel.swift */ = {isa = PBXFileReference; fileEncoding = 4; lastKnownFileType = sourcecode.swift; path = CustomModel.swift; sourceTree = "<group>"; };
		0F99D3D31DBB0041004FE069 /* Owner.swift */ = {isa = PBXFileReference; fileEncoding = 4; lastKnownFileType = sourcecode.swift; path = Owner.swift; sourceTree = "<group>"; };
		0F99D3D51DBB0050004FE069 /* NameSpace.swift */ = {isa = PBXFileReference; fileEncoding = 4; lastKnownFileType = sourcecode.swift; path = NameSpace.swift; sourceTree = "<group>"; };
		0FA343F21DB47F3D00BB4C7F /* CustomTableView.swift */ = {isa = PBXFileReference; fileEncoding = 4; lastKnownFileType = sourcecode.swift; path = CustomTableView.swift; sourceTree = "<group>"; };
		0FA7AAA01DB466DC00409CF2 /* APPTabbarController.swift */ = {isa = PBXFileReference; fileEncoding = 4; lastKnownFileType = sourcecode.swift; path = APPTabbarController.swift; sourceTree = "<group>"; };
		0FA7AAA21DB4698C00409CF2 /* CustomViewController.swift */ = {isa = PBXFileReference; fileEncoding = 4; lastKnownFileType = sourcecode.swift; path = CustomViewController.swift; sourceTree = "<group>"; };
		0FA7AAA41DB46AC900409CF2 /* UITool.swift */ = {isa = PBXFileReference; fileEncoding = 4; lastKnownFileType = sourcecode.swift; path = UITool.swift; sourceTree = "<group>"; };
		0FB222F31DC7112E00B2486A /* SwiftPad_bridging_header.h */ = {isa = PBXFileReference; fileEncoding = 4; lastKnownFileType = sourcecode.c.h; path = SwiftPad_bridging_header.h; sourceTree = "<group>"; };
		0FB222F41DC7213900B2486A /* CodeTableViewController.swift */ = {isa = PBXFileReference; fileEncoding = 4; lastKnownFileType = sourcecode.swift; path = CodeTableViewController.swift; sourceTree = "<group>"; };
		0FB222F61DC724DF00B2486A /* CodeModel.swift */ = {isa = PBXFileReference; fileEncoding = 4; lastKnownFileType = sourcecode.swift; path = CodeModel.swift; sourceTree = "<group>"; };
		0FBC866E1DBCA75300961073 /* DetailViewController.swift */ = {isa = PBXFileReference; fileEncoding = 4; lastKnownFileType = sourcecode.swift; path = DetailViewController.swift; sourceTree = "<group>"; };
		0FBC86741DBCABEB00961073 /* DetailStateCell.swift */ = {isa = PBXFileReference; fileEncoding = 4; lastKnownFileType = sourcecode.swift; path = DetailStateCell.swift; sourceTree = "<group>"; };
		0FD62E411DC21FF700E9EF93 /* DetailProfileCell_Title.swift */ = {isa = PBXFileReference; fileEncoding = 4; lastKnownFileType = sourcecode.swift; path = DetailProfileCell_Title.swift; sourceTree = "<group>"; };
		0FD62E431DC2201A00E9EF93 /* DetailProfileCell_Content.swift */ = {isa = PBXFileReference; fileEncoding = 4; lastKnownFileType = sourcecode.swift; path = DetailProfileCell_Content.swift; sourceTree = "<group>"; };
		0FF911AA1DB74B3100F664A8 /* CustomCollectionController.swift */ = {isa = PBXFileReference; fileEncoding = 4; lastKnownFileType = sourcecode.swift; path = CustomCollectionController.swift; sourceTree = "<group>"; };
		0FF911AC1DB74B5F00F664A8 /* CustomCollectionViewCell.swift */ = {isa = PBXFileReference; fileEncoding = 4; lastKnownFileType = sourcecode.swift; path = CustomCollectionViewCell.swift; sourceTree = "<group>"; };
		154F4D929832FC5FF519ADD6 /* Pods-SwiftPadTests.debug.xcconfig */ = {isa = PBXFileReference; includeInIndex = 1; lastKnownFileType = text.xcconfig; name = "Pods-SwiftPadTests.debug.xcconfig"; path = "Pods/Target Support Files/Pods-SwiftPadTests/Pods-SwiftPadTests.debug.xcconfig"; sourceTree = "<group>"; };
		21AA7724F6101AE4FB6A98B7 /* Pods-SwiftPad.release.xcconfig */ = {isa = PBXFileReference; includeInIndex = 1; lastKnownFileType = text.xcconfig; name = "Pods-SwiftPad.release.xcconfig"; path = "Pods/Target Support Files/Pods-SwiftPad/Pods-SwiftPad.release.xcconfig"; sourceTree = "<group>"; };
		25FE869FFC271AB577CF2D32 /* Pods-SwiftPadTests.release.xcconfig */ = {isa = PBXFileReference; includeInIndex = 1; lastKnownFileType = text.xcconfig; name = "Pods-SwiftPadTests.release.xcconfig"; path = "Pods/Target Support Files/Pods-SwiftPadTests/Pods-SwiftPadTests.release.xcconfig"; sourceTree = "<group>"; };
		28694C791EFB4587AD5A2D71 /* Pods-SwiftPadUITests.release.xcconfig */ = {isa = PBXFileReference; includeInIndex = 1; lastKnownFileType = text.xcconfig; name = "Pods-SwiftPadUITests.release.xcconfig"; path = "Pods/Target Support Files/Pods-SwiftPadUITests/Pods-SwiftPadUITests.release.xcconfig"; sourceTree = "<group>"; };
		520BEDC8E545F33EA6217936 /* Pods_SwiftPadUITests.framework */ = {isa = PBXFileReference; explicitFileType = wrapper.framework; includeInIndex = 0; path = Pods_SwiftPadUITests.framework; sourceTree = BUILT_PRODUCTS_DIR; };
		529A2E4BC73F0E305C370F3A /* Pods_SwiftPad.framework */ = {isa = PBXFileReference; explicitFileType = wrapper.framework; includeInIndex = 0; path = Pods_SwiftPad.framework; sourceTree = BUILT_PRODUCTS_DIR; };
		7C54BA333F66D95A62E27705 /* Pods-SwiftPad.debug.xcconfig */ = {isa = PBXFileReference; includeInIndex = 1; lastKnownFileType = text.xcconfig; name = "Pods-SwiftPad.debug.xcconfig"; path = "Pods/Target Support Files/Pods-SwiftPad/Pods-SwiftPad.debug.xcconfig"; sourceTree = "<group>"; };
		D1F638F7D66E1EB248BB50EE /* Pods-SwiftPadUITests.debug.xcconfig */ = {isa = PBXFileReference; includeInIndex = 1; lastKnownFileType = text.xcconfig; name = "Pods-SwiftPadUITests.debug.xcconfig"; path = "Pods/Target Support Files/Pods-SwiftPadUITests/Pods-SwiftPadUITests.debug.xcconfig"; sourceTree = "<group>"; };
		E7AC16CE2F662CBADE351D8B /* Pods_SwiftPadTests.framework */ = {isa = PBXFileReference; explicitFileType = wrapper.framework; includeInIndex = 0; path = Pods_SwiftPadTests.framework; sourceTree = BUILT_PRODUCTS_DIR; };
/* End PBXFileReference section */

/* Begin PBXFrameworksBuildPhase section */
		0F08FCC91DB1CFF40033E9F4 /* Frameworks */ = {
			isa = PBXFrameworksBuildPhase;
			buildActionMask = 2147483647;
			files = (
				FD37B35CF9A05C5E55204CCD /* Pods_SwiftPad.framework in Frameworks */,
			);
			runOnlyForDeploymentPostprocessing = 0;
		};
		0F08FCDF1DB1CFF50033E9F4 /* Frameworks */ = {
			isa = PBXFrameworksBuildPhase;
			buildActionMask = 2147483647;
			files = (
				EFF7792548DC2FD953CE0C1D /* Pods_SwiftPadTests.framework in Frameworks */,
			);
			runOnlyForDeploymentPostprocessing = 0;
		};
		0F08FCEA1DB1CFF50033E9F4 /* Frameworks */ = {
			isa = PBXFrameworksBuildPhase;
			buildActionMask = 2147483647;
			files = (
				F1C969E7ACEFEAA840A88ABD /* Pods_SwiftPadUITests.framework in Frameworks */,
			);
			runOnlyForDeploymentPostprocessing = 0;
		};
/* End PBXFrameworksBuildPhase section */

/* Begin PBXGroup section */
		0F08FCC31DB1CFF40033E9F4 = {
			isa = PBXGroup;
			children = (
				0F08FCCE1DB1CFF40033E9F4 /* SwiftPad */,
				0F08FCE51DB1CFF50033E9F4 /* SwiftPadTests */,
				0F08FCF01DB1CFF50033E9F4 /* SwiftPadUITests */,
				0F08FCCD1DB1CFF40033E9F4 /* Products */,
				F8C4B56A486818AA2F8A5759 /* Pods */,
				3AB4BDB624B0C73A31A5881F /* Frameworks */,
			);
			sourceTree = "<group>";
		};
		0F08FCCD1DB1CFF40033E9F4 /* Products */ = {
			isa = PBXGroup;
			children = (
				0F08FCCC1DB1CFF40033E9F4 /* SwiftPad.app */,
				0F08FCE21DB1CFF50033E9F4 /* SwiftPadTests.xctest */,
				0F08FCED1DB1CFF50033E9F4 /* SwiftPadUITests.xctest */,
			);
			name = Products;
			sourceTree = "<group>";
		};
		0F08FCCE1DB1CFF40033E9F4 /* SwiftPad */ = {
			isa = PBXGroup;
			children = (
				0FA7AA991DB460E500409CF2 /* APP */,
				0FA7AA9D1DB4611D00409CF2 /* Controllers */,
				0FA7AA9B1DB4610700409CF2 /* Views */,
				0FA7AA9E1DB4612600409CF2 /* Models */,
				0F08FCD51DB1CFF50033E9F4 /* Main.storyboard */,
				0F08FCD81DB1CFF50033E9F4 /* Assets.xcassets */,
				0F68EA331DC9B2A3000B8A6A /* Resource */,
				0FA7AA9F1DB4613300409CF2 /* Utils */,
				0F08FCDA1DB1CFF50033E9F4 /* LaunchScreen.storyboard */,
				0F08FCDD1DB1CFF50033E9F4 /* Info.plist */,
			);
			path = SwiftPad;
			sourceTree = "<group>";
		};
		0F08FCE51DB1CFF50033E9F4 /* SwiftPadTests */ = {
			isa = PBXGroup;
			children = (
				0F08FCE61DB1CFF50033E9F4 /* SwiftPadTests.swift */,
				0F08FCE81DB1CFF50033E9F4 /* Info.plist */,
			);
			path = SwiftPadTests;
			sourceTree = "<group>";
		};
		0F08FCF01DB1CFF50033E9F4 /* SwiftPadUITests */ = {
			isa = PBXGroup;
			children = (
				0F08FCF11DB1CFF50033E9F4 /* SwiftPadUITests.swift */,
				0F08FCF31DB1CFF50033E9F4 /* Info.plist */,
			);
			path = SwiftPadUITests;
			sourceTree = "<group>";
		};
		0F68EA331DC9B2A3000B8A6A /* Resource */ = {
			isa = PBXGroup;
			children = (
				0F68EA351DC9B2B9000B8A6A /* style */,
				0F68EA341DC9B2B1000B8A6A /* music */,
			);
			name = Resource;
			sourceTree = "<group>";
		};
		0F68EA341DC9B2B1000B8A6A /* music */ = {
			isa = PBXGroup;
			children = (
				0F68EA361DC9B2D2000B8A6A /* shake_match.mp3 */,
				0F68EA371DC9B2D2000B8A6A /* shake_sound_male.mp3 */,
			);
			name = music;
			sourceTree = "<group>";
		};
		0F68EA351DC9B2B9000B8A6A /* style */ = {
			isa = PBXGroup;
			children = (
				0F68EA3A1DC9B2EC000B8A6A /* arta.css */,
				0F68EA3B1DC9B2EC000B8A6A /* ascetic.css */,
				0F68EA3C1DC9B2EC000B8A6A /* atelier-dune.dark.css */,
				0F68EA3D1DC9B2EC000B8A6A /* atelier-dune.light.css */,
				0F68EA3E1DC9B2EC000B8A6A /* atelier-forest.dark.css */,
				0F68EA3F1DC9B2EC000B8A6A /* atelier-forest.light.css */,
				0F68EA401DC9B2EC000B8A6A /* atelier-heath.dark.css */,
				0F68EA411DC9B2EC000B8A6A /* atelier-heath.light.css */,
				0F68EA421DC9B2EC000B8A6A /* atelier-lakeside.dark.css */,
				0F68EA431DC9B2EC000B8A6A /* atelier-lakeside.light.css */,
				0F68EA441DC9B2EC000B8A6A /* atelier-seaside.dark.css */,
				0F68EA451DC9B2EC000B8A6A /* atelier-seaside.light.css */,
				0F68EA461DC9B2EC000B8A6A /* brown_paper.css */,
				0F68EA471DC9B2EC000B8A6A /* codepen-embed.css */,
				0F68EA481DC9B2EC000B8A6A /* color-brewer.css */,
				0F68EA491DC9B2EC000B8A6A /* dark.css */,
				0F68EA4A1DC9B2EC000B8A6A /* default.css */,
				0F68EA4B1DC9B2EC000B8A6A /* docco.css */,
				0F68EA4C1DC9B2EC000B8A6A /* far.css */,
				0F68EA4D1DC9B2EC000B8A6A /* foundation.css */,
				0F68EA4E1DC9B2EC000B8A6A /* github.css */,
				0F68EA4F1DC9B2EC000B8A6A /* googlecode.css */,
				0F68EA501DC9B2EC000B8A6A /* hybrid.css */,
				0F68EA511DC9B2EC000B8A6A /* idea.css */,
				0F68EA521DC9B2EC000B8A6A /* ir_black.css */,
				0F68EA531DC9B2EC000B8A6A /* kimbie.dark.css */,
				0F68EA541DC9B2EC000B8A6A /* kimbie.light.css */,
				0F68EA551DC9B2EC000B8A6A /* magula.css */,
				0F68EA561DC9B2EC000B8A6A /* mono-blue.css */,
				0F68EA571DC9B2EC000B8A6A /* monokai_sublime.css */,
				0F68EA581DC9B2EC000B8A6A /* monokai.css */,
				0F68EA591DC9B2EC000B8A6A /* obsidian.css */,
				0F68EA5A1DC9B2EC000B8A6A /* paraiso.dark.css */,
				0F68EA5B1DC9B2EC000B8A6A /* paraiso.light.css */,
				0F68EA5C1DC9B2EC000B8A6A /* pojoaque.css */,
				0F68EA5D1DC9B2EC000B8A6A /* railscasts.css */,
				0F68EA5E1DC9B2EC000B8A6A /* rainbow.css */,
				0F68EA5F1DC9B2EC000B8A6A /* school_book.css */,
				0F68EA601DC9B2EC000B8A6A /* solarized_dark.css */,
				0F68EA611DC9B2EC000B8A6A /* solarized_light.css */,
				0F68EA621DC9B2EC000B8A6A /* sunburst.css */,
				0F68EA631DC9B2EC000B8A6A /* tomorrow-night-blue.css */,
				0F68EA641DC9B2EC000B8A6A /* tomorrow-night-bright.css */,
				0F68EA651DC9B2EC000B8A6A /* tomorrow-night-eighties.css */,
				0F68EA661DC9B2EC000B8A6A /* tomorrow-night.css */,
				0F68EA671DC9B2EC000B8A6A /* tomorrow.css */,
				0F68EA681DC9B2EC000B8A6A /* vs.css */,
				0F68EA691DC9B2EC000B8A6A /* xcode.css */,
				0F68EA6A1DC9B2EC000B8A6A /* zenburn.css */,
				0F68EA9C1DC9B2F2000B8A6A /* highlight */,
			);
			name = style;
			sourceTree = "<group>";
		};
		0F68EA9C1DC9B2F2000B8A6A /* highlight */ = {
			isa = PBXGroup;
			children = (
				0F68EA9D1DC9B313000B8A6A /* code.css */,
				0F68EA9E1DC9B313000B8A6A /* code.html */,
				0F68EA9F1DC9B313000B8A6A /* format.html */,
				0F68EAA01DC9B313000B8A6A /* highlight.pack.js */,
				0F68EAA11DC9B313000B8A6A /* jquery.js */,
			);
			name = highlight;
			sourceTree = "<group>";
		};
		0FA7AA991DB460E500409CF2 /* APP */ = {
			isa = PBXGroup;
			children = (
				0F08FCCF1DB1CFF50033E9F4 /* AppDelegate.swift */,
				0FA7AAA01DB466DC00409CF2 /* APPTabbarController.swift */,
				0F796E841DB5F6CD00F94DA5 /* API.swift */,
				0FB222F31DC7112E00B2486A /* SwiftPad_bridging_header.h */,
			);
			name = APP;
			sourceTree = "<group>";
		};
		0FA7AA9B1DB4610700409CF2 /* Views */ = {
			isa = PBXGroup;
			children = (
				0FA343F21DB47F3D00BB4C7F /* CustomTableView.swift */,
				0F796E871DB605B700F94DA5 /* CustomTableViewCell.swift */,
				0F6CC3D81DC9B6BA00B4C8CE /* DynamicTableViewCell.swift */,
				0F796E891DB608DC00F94DA5 /* MarkView.swift */,
				0FF911AC1DB74B5F00F664A8 /* CustomCollectionViewCell.swift */,
				0FD62E411DC21FF700E9EF93 /* DetailProfileCell_Title.swift */,
				0FD62E431DC2201A00E9EF93 /* DetailProfileCell_Content.swift */,
				0FBC86741DBCABEB00961073 /* DetailStateCell.swift */,
				0F2B8DE11DC4CCCE008E682A /* DetailViewCell.swift */,
				0F30751B1DBF371600B6D438 /* StarAndWatchView.swift */,
			);
			name = Views;
			sourceTree = "<group>";
		};
		0FA7AA9D1DB4611D00409CF2 /* Controllers */ = {
			isa = PBXGroup;
			children = (
				0FA7AAA21DB4698C00409CF2 /* CustomViewController.swift */,
				0FF911AA1DB74B3100F664A8 /* CustomCollectionController.swift */,
				0FBC866E1DBCA75300961073 /* DetailViewController.swift */,
				0F23695B1DC6135A00FD0CBC /* ReadMeViewController.swift */,
				0FB222F41DC7213900B2486A /* CodeTableViewController.swift */,
				0F6F7B3C1DC78244007864C5 /* CodeWebViewController.swift */,
				0F6F7B3E1DC782B0007864C5 /* CodeImageViewController.swift */,
				0F8D7E0B1DCAE16F009585EC /* UserProfileViewController.swift */,
				0F8D7E0F1DCAEB35009585EC /* SetUpViewController.swift */,
				0F8D7E111DCAEE3A009585EC /* ShakingViewController.swift */,
				0F88C58A1DCB8011003C90EC /* LoginViewController.swift */,
			);
			name = Controllers;
			sourceTree = "<group>";
		};
		0FA7AA9E1DB4612600409CF2 /* Models */ = {
			isa = PBXGroup;
			children = (
				0F99D3D11DBB002D004FE069 /* CustomModel.swift */,
				0F99D3D31DBB0041004FE069 /* Owner.swift */,
				0F99D3D51DBB0050004FE069 /* NameSpace.swift */,
				0FB222F61DC724DF00B2486A /* CodeModel.swift */,
			);
			name = Models;
			sourceTree = "<group>";
		};
		0FA7AA9F1DB4613300409CF2 /* Utils */ = {
			isa = PBXGroup;
			children = (
				0FA7AAA41DB46AC900409CF2 /* UITool.swift */,
				0F23695D1DC6188D00FD0CBC /* Tools.swift */,
			);
			name = Utils;
			sourceTree = "<group>";
		};
		3AB4BDB624B0C73A31A5881F /* Frameworks */ = {
			isa = PBXGroup;
			children = (
				529A2E4BC73F0E305C370F3A /* Pods_SwiftPad.framework */,
				E7AC16CE2F662CBADE351D8B /* Pods_SwiftPadTests.framework */,
				520BEDC8E545F33EA6217936 /* Pods_SwiftPadUITests.framework */,
			);
			name = Frameworks;
			sourceTree = "<group>";
		};
		F8C4B56A486818AA2F8A5759 /* Pods */ = {
			isa = PBXGroup;
			children = (
				7C54BA333F66D95A62E27705 /* Pods-SwiftPad.debug.xcconfig */,
				21AA7724F6101AE4FB6A98B7 /* Pods-SwiftPad.release.xcconfig */,
				154F4D929832FC5FF519ADD6 /* Pods-SwiftPadTests.debug.xcconfig */,
				25FE869FFC271AB577CF2D32 /* Pods-SwiftPadTests.release.xcconfig */,
				D1F638F7D66E1EB248BB50EE /* Pods-SwiftPadUITests.debug.xcconfig */,
				28694C791EFB4587AD5A2D71 /* Pods-SwiftPadUITests.release.xcconfig */,
			);
			name = Pods;
			sourceTree = "<group>";
		};
/* End PBXGroup section */

/* Begin PBXNativeTarget section */
		0F08FCCB1DB1CFF40033E9F4 /* SwiftPad */ = {
			isa = PBXNativeTarget;
			buildConfigurationList = 0F08FCF61DB1CFF50033E9F4 /* Build configuration list for PBXNativeTarget "SwiftPad" */;
			buildPhases = (
				05A715B96AC32D4B3B79300F /* 📦 Check Pods Manifest.lock */,
				0F08FCC81DB1CFF40033E9F4 /* Sources */,
				0F08FCC91DB1CFF40033E9F4 /* Frameworks */,
				0F08FCCA1DB1CFF40033E9F4 /* Resources */,
				2E7E03FEDA2F7112E2D78E7B /* 📦 Embed Pods Frameworks */,
				D40F1ADDDA629F813937A9EF /* 📦 Copy Pods Resources */,
			);
			buildRules = (
			);
			dependencies = (
			);
			name = SwiftPad;
			productName = SwiftPad;
			productReference = 0F08FCCC1DB1CFF40033E9F4 /* SwiftPad.app */;
			productType = "com.apple.product-type.application";
		};
		0F08FCE11DB1CFF50033E9F4 /* SwiftPadTests */ = {
			isa = PBXNativeTarget;
			buildConfigurationList = 0F08FCF91DB1CFF50033E9F4 /* Build configuration list for PBXNativeTarget "SwiftPadTests" */;
			buildPhases = (
				41605BD3D5F7F5E15F2ED336 /* 📦 Check Pods Manifest.lock */,
				0F08FCDE1DB1CFF50033E9F4 /* Sources */,
				0F08FCDF1DB1CFF50033E9F4 /* Frameworks */,
				0F08FCE01DB1CFF50033E9F4 /* Resources */,
				51431120D01D50D3F04E0816 /* 📦 Embed Pods Frameworks */,
				F0C2941B9208FA837A43CFD1 /* 📦 Copy Pods Resources */,
			);
			buildRules = (
			);
			dependencies = (
				0F08FCE41DB1CFF50033E9F4 /* PBXTargetDependency */,
			);
			name = SwiftPadTests;
			productName = SwiftPadTests;
			productReference = 0F08FCE21DB1CFF50033E9F4 /* SwiftPadTests.xctest */;
			productType = "com.apple.product-type.bundle.unit-test";
		};
		0F08FCEC1DB1CFF50033E9F4 /* SwiftPadUITests */ = {
			isa = PBXNativeTarget;
			buildConfigurationList = 0F08FCFC1DB1CFF50033E9F4 /* Build configuration list for PBXNativeTarget "SwiftPadUITests" */;
			buildPhases = (
				AB0A46D8067838599B273019 /* 📦 Check Pods Manifest.lock */,
				0F08FCE91DB1CFF50033E9F4 /* Sources */,
				0F08FCEA1DB1CFF50033E9F4 /* Frameworks */,
				0F08FCEB1DB1CFF50033E9F4 /* Resources */,
				47335D4ED09734A12F65D5CA /* 📦 Copy Pods Resources */,
			);
			buildRules = (
			);
			dependencies = (
				0F08FCEF1DB1CFF50033E9F4 /* PBXTargetDependency */,
			);
			name = SwiftPadUITests;
			productName = SwiftPadUITests;
			productReference = 0F08FCED1DB1CFF50033E9F4 /* SwiftPadUITests.xctest */;
			productType = "com.apple.product-type.bundle.ui-testing";
		};
/* End PBXNativeTarget section */

/* Begin PBXProject section */
		0F08FCC41DB1CFF40033E9F4 /* Project object */ = {
			isa = PBXProject;
			attributes = {
				LastSwiftUpdateCheck = 0800;
				LastUpgradeCheck = 0800;
				ORGANIZATIONNAME = buffalo;
				TargetAttributes = {
					0F08FCCB1DB1CFF40033E9F4 = {
						CreatedOnToolsVersion = 8.0;
						DevelopmentTeam = KZJH6SNM75;
						ProvisioningStyle = Automatic;
					};
					0F08FCE11DB1CFF50033E9F4 = {
						CreatedOnToolsVersion = 8.0;
						DevelopmentTeam = MKQ89D2PC4;
						ProvisioningStyle = Automatic;
						TestTargetID = 0F08FCCB1DB1CFF40033E9F4;
					};
					0F08FCEC1DB1CFF50033E9F4 = {
						CreatedOnToolsVersion = 8.0;
						DevelopmentTeam = MKQ89D2PC4;
						ProvisioningStyle = Automatic;
						TestTargetID = 0F08FCCB1DB1CFF40033E9F4;
					};
				};
			};
			buildConfigurationList = 0F08FCC71DB1CFF40033E9F4 /* Build configuration list for PBXProject "SwiftPad" */;
			compatibilityVersion = "Xcode 3.2";
			developmentRegion = English;
			hasScannedForEncodings = 0;
			knownRegions = (
				en,
				Base,
			);
			mainGroup = 0F08FCC31DB1CFF40033E9F4;
			productRefGroup = 0F08FCCD1DB1CFF40033E9F4 /* Products */;
			projectDirPath = "";
			projectRoot = "";
			targets = (
				0F08FCCB1DB1CFF40033E9F4 /* SwiftPad */,
				0F08FCE11DB1CFF50033E9F4 /* SwiftPadTests */,
				0F08FCEC1DB1CFF50033E9F4 /* SwiftPadUITests */,
			);
		};
/* End PBXProject section */

/* Begin PBXResourcesBuildPhase section */
		0F08FCCA1DB1CFF40033E9F4 /* Resources */ = {
			isa = PBXResourcesBuildPhase;
			buildActionMask = 2147483647;
			files = (
				0F68EA751DC9B2EC000B8A6A /* atelier-seaside.dark.css in Resources */,
				0F68EA7C1DC9B2EC000B8A6A /* docco.css in Resources */,
				0F68EA8B1DC9B2EC000B8A6A /* paraiso.dark.css in Resources */,
				0F68EA911DC9B2EC000B8A6A /* solarized_dark.css in Resources */,
				0F68EA941DC9B2EC000B8A6A /* tomorrow-night-blue.css in Resources */,
				0F68EA971DC9B2EC000B8A6A /* tomorrow-night.css in Resources */,
				0F68EA961DC9B2EC000B8A6A /* tomorrow-night-eighties.css in Resources */,
				0F68EAA31DC9B313000B8A6A /* code.html in Resources */,
				0F68EA721DC9B2EC000B8A6A /* atelier-heath.light.css in Resources */,
				0F68EA801DC9B2EC000B8A6A /* googlecode.css in Resources */,
				0F68EA791DC9B2EC000B8A6A /* color-brewer.css in Resources */,
				0F68EA931DC9B2EC000B8A6A /* sunburst.css in Resources */,
				0F68EA701DC9B2EC000B8A6A /* atelier-forest.light.css in Resources */,
				0F68EAA41DC9B313000B8A6A /* format.html in Resources */,
				0F68EA8D1DC9B2EC000B8A6A /* pojoaque.css in Resources */,
				0F68EA841DC9B2EC000B8A6A /* kimbie.dark.css in Resources */,
				0F68EA881DC9B2EC000B8A6A /* monokai_sublime.css in Resources */,
				0F68EA891DC9B2EC000B8A6A /* monokai.css in Resources */,
				0F68EA741DC9B2EC000B8A6A /* atelier-lakeside.light.css in Resources */,
				0F68EA811DC9B2EC000B8A6A /* hybrid.css in Resources */,
				0F68EA7E1DC9B2EC000B8A6A /* foundation.css in Resources */,
				0F68EA821DC9B2EC000B8A6A /* idea.css in Resources */,
				0F68EA8A1DC9B2EC000B8A6A /* obsidian.css in Resources */,
				0F68EA921DC9B2EC000B8A6A /* solarized_light.css in Resources */,
				0F68EA8C1DC9B2EC000B8A6A /* paraiso.light.css in Resources */,
				0F68EA761DC9B2EC000B8A6A /* atelier-seaside.light.css in Resources */,
				0F68EA781DC9B2EC000B8A6A /* codepen-embed.css in Resources */,
				0F68EA6F1DC9B2EC000B8A6A /* atelier-forest.dark.css in Resources */,
				0F68EA991DC9B2EC000B8A6A /* vs.css in Resources */,
				0F68EA7F1DC9B2EC000B8A6A /* github.css in Resources */,
				0F08FCDC1DB1CFF50033E9F4 /* LaunchScreen.storyboard in Resources */,
				0F68EA381DC9B2D2000B8A6A /* shake_match.mp3 in Resources */,
				0F68EA6C1DC9B2EC000B8A6A /* ascetic.css in Resources */,
				0F68EA7A1DC9B2EC000B8A6A /* dark.css in Resources */,
				0F68EA9B1DC9B2EC000B8A6A /* zenburn.css in Resources */,
				0F68EA951DC9B2EC000B8A6A /* tomorrow-night-bright.css in Resources */,
				0F68EA771DC9B2EC000B8A6A /* brown_paper.css in Resources */,
				0F68EA871DC9B2EC000B8A6A /* mono-blue.css in Resources */,
				0F68EA9A1DC9B2EC000B8A6A /* xcode.css in Resources */,
				0F68EA6D1DC9B2EC000B8A6A /* atelier-dune.dark.css in Resources */,
				0F68EA7D1DC9B2EC000B8A6A /* far.css in Resources */,
				0F68EAA51DC9B313000B8A6A /* highlight.pack.js in Resources */,
				0F68EA731DC9B2EC000B8A6A /* atelier-lakeside.dark.css in Resources */,
				0F68EA831DC9B2EC000B8A6A /* ir_black.css in Resources */,
				0F68EAA61DC9B313000B8A6A /* jquery.js in Resources */,
				0F68EA7B1DC9B2EC000B8A6A /* default.css in Resources */,
				0F68EA901DC9B2EC000B8A6A /* school_book.css in Resources */,
				0F68EA981DC9B2EC000B8A6A /* tomorrow.css in Resources */,
				0F08FCD91DB1CFF50033E9F4 /* Assets.xcassets in Resources */,
				0F68EA861DC9B2EC000B8A6A /* magula.css in Resources */,
				0F68EA6E1DC9B2EC000B8A6A /* atelier-dune.light.css in Resources */,
				0F68EA391DC9B2D2000B8A6A /* shake_sound_male.mp3 in Resources */,
				0F08FCD71DB1CFF50033E9F4 /* Main.storyboard in Resources */,
				0F68EA711DC9B2EC000B8A6A /* atelier-heath.dark.css in Resources */,
				0F68EA851DC9B2EC000B8A6A /* kimbie.light.css in Resources */,
				0F68EAA21DC9B313000B8A6A /* code.css in Resources */,
				0F68EA8E1DC9B2EC000B8A6A /* railscasts.css in Resources */,
				0F68EA8F1DC9B2EC000B8A6A /* rainbow.css in Resources */,
				0F68EA6B1DC9B2EC000B8A6A /* arta.css in Resources */,
			);
			runOnlyForDeploymentPostprocessing = 0;
		};
		0F08FCE01DB1CFF50033E9F4 /* Resources */ = {
			isa = PBXResourcesBuildPhase;
			buildActionMask = 2147483647;
			files = (
			);
			runOnlyForDeploymentPostprocessing = 0;
		};
		0F08FCEB1DB1CFF50033E9F4 /* Resources */ = {
			isa = PBXResourcesBuildPhase;
			buildActionMask = 2147483647;
			files = (
			);
			runOnlyForDeploymentPostprocessing = 0;
		};
/* End PBXResourcesBuildPhase section */

/* Begin PBXShellScriptBuildPhase section */
		05A715B96AC32D4B3B79300F /* 📦 Check Pods Manifest.lock */ = {
			isa = PBXShellScriptBuildPhase;
			buildActionMask = 2147483647;
			files = (
			);
			inputPaths = (
			);
			name = "📦 Check Pods Manifest.lock";
			outputPaths = (
			);
			runOnlyForDeploymentPostprocessing = 0;
			shellPath = /bin/sh;
			shellScript = "diff \"${PODS_ROOT}/../Podfile.lock\" \"${PODS_ROOT}/Manifest.lock\" > /dev/null\nif [[ $? != 0 ]] ; then\n    cat << EOM\nerror: The sandbox is not in sync with the Podfile.lock. Run 'pod install' or update your CocoaPods installation.\nEOM\n    exit 1\nfi\n";
			showEnvVarsInLog = 0;
		};
		2E7E03FEDA2F7112E2D78E7B /* 📦 Embed Pods Frameworks */ = {
			isa = PBXShellScriptBuildPhase;
			buildActionMask = 2147483647;
			files = (
			);
			inputPaths = (
			);
			name = "📦 Embed Pods Frameworks";
			outputPaths = (
			);
			runOnlyForDeploymentPostprocessing = 0;
			shellPath = /bin/sh;
			shellScript = "\"${SRCROOT}/Pods/Target Support Files/Pods-SwiftPad/Pods-SwiftPad-frameworks.sh\"\n";
			showEnvVarsInLog = 0;
		};
		41605BD3D5F7F5E15F2ED336 /* 📦 Check Pods Manifest.lock */ = {
			isa = PBXShellScriptBuildPhase;
			buildActionMask = 2147483647;
			files = (
			);
			inputPaths = (
			);
			name = "📦 Check Pods Manifest.lock";
			outputPaths = (
			);
			runOnlyForDeploymentPostprocessing = 0;
			shellPath = /bin/sh;
			shellScript = "diff \"${PODS_ROOT}/../Podfile.lock\" \"${PODS_ROOT}/Manifest.lock\" > /dev/null\nif [[ $? != 0 ]] ; then\n    cat << EOM\nerror: The sandbox is not in sync with the Podfile.lock. Run 'pod install' or update your CocoaPods installation.\nEOM\n    exit 1\nfi\n";
			showEnvVarsInLog = 0;
		};
		47335D4ED09734A12F65D5CA /* 📦 Copy Pods Resources */ = {
			isa = PBXShellScriptBuildPhase;
			buildActionMask = 2147483647;
			files = (
			);
			inputPaths = (
			);
			name = "📦 Copy Pods Resources";
			outputPaths = (
			);
			runOnlyForDeploymentPostprocessing = 0;
			shellPath = /bin/sh;
			shellScript = "\"${SRCROOT}/Pods/Target Support Files/Pods-SwiftPadUITests/Pods-SwiftPadUITests-resources.sh\"\n";
			showEnvVarsInLog = 0;
		};
		51431120D01D50D3F04E0816 /* 📦 Embed Pods Frameworks */ = {
			isa = PBXShellScriptBuildPhase;
			buildActionMask = 2147483647;
			files = (
			);
			inputPaths = (
			);
			name = "📦 Embed Pods Frameworks";
			outputPaths = (
			);
			runOnlyForDeploymentPostprocessing = 0;
			shellPath = /bin/sh;
			shellScript = "\"${SRCROOT}/Pods/Target Support Files/Pods-SwiftPadTests/Pods-SwiftPadTests-frameworks.sh\"\n";
			showEnvVarsInLog = 0;
		};
		AB0A46D8067838599B273019 /* 📦 Check Pods Manifest.lock */ = {
			isa = PBXShellScriptBuildPhase;
			buildActionMask = 2147483647;
			files = (
			);
			inputPaths = (
			);
			name = "📦 Check Pods Manifest.lock";
			outputPaths = (
			);
			runOnlyForDeploymentPostprocessing = 0;
			shellPath = /bin/sh;
			shellScript = "diff \"${PODS_ROOT}/../Podfile.lock\" \"${PODS_ROOT}/Manifest.lock\" > /dev/null\nif [[ $? != 0 ]] ; then\n    cat << EOM\nerror: The sandbox is not in sync with the Podfile.lock. Run 'pod install' or update your CocoaPods installation.\nEOM\n    exit 1\nfi\n";
			showEnvVarsInLog = 0;
		};
		D40F1ADDDA629F813937A9EF /* 📦 Copy Pods Resources */ = {
			isa = PBXShellScriptBuildPhase;
			buildActionMask = 2147483647;
			files = (
			);
			inputPaths = (
			);
			name = "📦 Copy Pods Resources";
			outputPaths = (
			);
			runOnlyForDeploymentPostprocessing = 0;
			shellPath = /bin/sh;
			shellScript = "\"${SRCROOT}/Pods/Target Support Files/Pods-SwiftPad/Pods-SwiftPad-resources.sh\"\n";
			showEnvVarsInLog = 0;
		};
		F0C2941B9208FA837A43CFD1 /* 📦 Copy Pods Resources */ = {
			isa = PBXShellScriptBuildPhase;
			buildActionMask = 2147483647;
			files = (
			);
			inputPaths = (
			);
			name = "📦 Copy Pods Resources";
			outputPaths = (
			);
			runOnlyForDeploymentPostprocessing = 0;
			shellPath = /bin/sh;
			shellScript = "\"${SRCROOT}/Pods/Target Support Files/Pods-SwiftPadTests/Pods-SwiftPadTests-resources.sh\"\n";
			showEnvVarsInLog = 0;
		};
/* End PBXShellScriptBuildPhase section */

/* Begin PBXSourcesBuildPhase section */
		0F08FCC81DB1CFF40033E9F4 /* Sources */ = {
			isa = PBXSourcesBuildPhase;
			buildActionMask = 2147483647;
			files = (
				0FA343F31DB47F3D00BB4C7F /* CustomTableView.swift in Sources */,
				0FA7AAA31DB4698C00409CF2 /* CustomViewController.swift in Sources */,
				0F23695C1DC6135A00FD0CBC /* ReadMeViewController.swift in Sources */,
				0F6CC3D91DC9B6BA00B4C8CE /* DynamicTableViewCell.swift in Sources */,
				0F30751C1DBF371600B6D438 /* StarAndWatchView.swift in Sources */,
				0F08FCD01DB1CFF50033E9F4 /* AppDelegate.swift in Sources */,
				0F99D3D61DBB0050004FE069 /* NameSpace.swift in Sources */,
				0F6F7B3D1DC78244007864C5 /* CodeWebViewController.swift in Sources */,
				0F8D7E121DCAEE3A009585EC /* ShakingViewController.swift in Sources */,
				0FBC86751DBCABEB00961073 /* DetailStateCell.swift in Sources */,
				0F8D7E0C1DCAE16F009585EC /* UserProfileViewController.swift in Sources */,
				0F796E881DB605B700F94DA5 /* CustomTableViewCell.swift in Sources */,
				0FA7AAA11DB466DC00409CF2 /* APPTabbarController.swift in Sources */,
				0FD62E421DC21FF700E9EF93 /* DetailProfileCell_Title.swift in Sources */,
				0F796E851DB5F6CD00F94DA5 /* API.swift in Sources */,
				0FA7AAA51DB46AC900409CF2 /* UITool.swift in Sources */,
				0F6F7B3F1DC782B0007864C5 /* CodeImageViewController.swift in Sources */,
				0FB222F51DC7213900B2486A /* CodeTableViewController.swift in Sources */,
				0F88C58B1DCB8011003C90EC /* LoginViewController.swift in Sources */,
				0FD62E441DC2201A00E9EF93 /* DetailProfileCell_Content.swift in Sources */,
				0F8D7E101DCAEB35009585EC /* SetUpViewController.swift in Sources */,
				0F99D3D41DBB0041004FE069 /* Owner.swift in Sources */,
				0FF911AB1DB74B3100F664A8 /* CustomCollectionController.swift in Sources */,
				0F796E8A1DB608DC00F94DA5 /* MarkView.swift in Sources */,
				0FF911AD1DB74B5F00F664A8 /* CustomCollectionViewCell.swift in Sources */,
				0FB222F71DC724DF00B2486A /* CodeModel.swift in Sources */,
				0F99D3D21DBB002D004FE069 /* CustomModel.swift in Sources */,
				0F23695E1DC6188D00FD0CBC /* Tools.swift in Sources */,
				0F2B8DE21DC4CCCE008E682A /* DetailViewCell.swift in Sources */,
				0FBC866F1DBCA75300961073 /* DetailViewController.swift in Sources */,
			);
			runOnlyForDeploymentPostprocessing = 0;
		};
		0F08FCDE1DB1CFF50033E9F4 /* Sources */ = {
			isa = PBXSourcesBuildPhase;
			buildActionMask = 2147483647;
			files = (
				0F08FCE71DB1CFF50033E9F4 /* SwiftPadTests.swift in Sources */,
			);
			runOnlyForDeploymentPostprocessing = 0;
		};
		0F08FCE91DB1CFF50033E9F4 /* Sources */ = {
			isa = PBXSourcesBuildPhase;
			buildActionMask = 2147483647;
			files = (
				0F08FCF21DB1CFF50033E9F4 /* SwiftPadUITests.swift in Sources */,
			);
			runOnlyForDeploymentPostprocessing = 0;
		};
/* End PBXSourcesBuildPhase section */

/* Begin PBXTargetDependency section */
		0F08FCE41DB1CFF50033E9F4 /* PBXTargetDependency */ = {
			isa = PBXTargetDependency;
			target = 0F08FCCB1DB1CFF40033E9F4 /* SwiftPad */;
			targetProxy = 0F08FCE31DB1CFF50033E9F4 /* PBXContainerItemProxy */;
		};
		0F08FCEF1DB1CFF50033E9F4 /* PBXTargetDependency */ = {
			isa = PBXTargetDependency;
			target = 0F08FCCB1DB1CFF40033E9F4 /* SwiftPad */;
			targetProxy = 0F08FCEE1DB1CFF50033E9F4 /* PBXContainerItemProxy */;
		};
/* End PBXTargetDependency section */

/* Begin PBXVariantGroup section */
		0F08FCD51DB1CFF50033E9F4 /* Main.storyboard */ = {
			isa = PBXVariantGroup;
			children = (
				0F08FCD61DB1CFF50033E9F4 /* Base */,
			);
			name = Main.storyboard;
			sourceTree = "<group>";
		};
		0F08FCDA1DB1CFF50033E9F4 /* LaunchScreen.storyboard */ = {
			isa = PBXVariantGroup;
			children = (
				0F08FCDB1DB1CFF50033E9F4 /* Base */,
			);
			name = LaunchScreen.storyboard;
			sourceTree = "<group>";
		};
/* End PBXVariantGroup section */

/* Begin XCBuildConfiguration section */
		0F08FCF41DB1CFF50033E9F4 /* Debug */ = {
			isa = XCBuildConfiguration;
			buildSettings = {
				ALWAYS_SEARCH_USER_PATHS = NO;
				CLANG_ANALYZER_NONNULL = YES;
				CLANG_CXX_LANGUAGE_STANDARD = "gnu++0x";
				CLANG_CXX_LIBRARY = "libc++";
				CLANG_ENABLE_MODULES = YES;
				CLANG_ENABLE_OBJC_ARC = YES;
				CLANG_WARN_BOOL_CONVERSION = YES;
				CLANG_WARN_CONSTANT_CONVERSION = YES;
				CLANG_WARN_DIRECT_OBJC_ISA_USAGE = YES_ERROR;
				CLANG_WARN_DOCUMENTATION_COMMENTS = YES;
				CLANG_WARN_EMPTY_BODY = YES;
				CLANG_WARN_ENUM_CONVERSION = YES;
				CLANG_WARN_INFINITE_RECURSION = YES;
				CLANG_WARN_INT_CONVERSION = YES;
				CLANG_WARN_OBJC_ROOT_CLASS = YES_ERROR;
				CLANG_WARN_SUSPICIOUS_MOVES = YES;
				CLANG_WARN_UNREACHABLE_CODE = YES;
				CLANG_WARN__DUPLICATE_METHOD_MATCH = YES;
				"CODE_SIGN_IDENTITY[sdk=iphoneos*]" = "iPhone Developer";
				COPY_PHASE_STRIP = NO;
				DEBUG_INFORMATION_FORMAT = dwarf;
				ENABLE_STRICT_OBJC_MSGSEND = YES;
				ENABLE_TESTABILITY = YES;
				GCC_C_LANGUAGE_STANDARD = gnu99;
				GCC_DYNAMIC_NO_PIC = NO;
				GCC_NO_COMMON_BLOCKS = YES;
				GCC_OPTIMIZATION_LEVEL = 0;
				GCC_PREPROCESSOR_DEFINITIONS = (
					"DEBUG=1",
					"$(inherited)",
				);
				GCC_WARN_64_TO_32_BIT_CONVERSION = YES;
				GCC_WARN_ABOUT_RETURN_TYPE = YES_ERROR;
				GCC_WARN_UNDECLARED_SELECTOR = YES;
				GCC_WARN_UNINITIALIZED_AUTOS = YES_AGGRESSIVE;
				GCC_WARN_UNUSED_FUNCTION = YES;
				GCC_WARN_UNUSED_VARIABLE = YES;
				IPHONEOS_DEPLOYMENT_TARGET = 8.4;
				MTL_ENABLE_DEBUG_INFO = YES;
				ONLY_ACTIVE_ARCH = YES;
				SDKROOT = iphoneos;
				SWIFT_ACTIVE_COMPILATION_CONDITIONS = DEBUG;
				SWIFT_OPTIMIZATION_LEVEL = "-Onone";
				SWIFT_VERSION = 3.0;
				TARGETED_DEVICE_FAMILY = 2;
			};
			name = Debug;
		};
		0F08FCF51DB1CFF50033E9F4 /* Release */ = {
			isa = XCBuildConfiguration;
			buildSettings = {
				ALWAYS_SEARCH_USER_PATHS = NO;
				CLANG_ANALYZER_NONNULL = YES;
				CLANG_CXX_LANGUAGE_STANDARD = "gnu++0x";
				CLANG_CXX_LIBRARY = "libc++";
				CLANG_ENABLE_MODULES = YES;
				CLANG_ENABLE_OBJC_ARC = YES;
				CLANG_WARN_BOOL_CONVERSION = YES;
				CLANG_WARN_CONSTANT_CONVERSION = YES;
				CLANG_WARN_DIRECT_OBJC_ISA_USAGE = YES_ERROR;
				CLANG_WARN_DOCUMENTATION_COMMENTS = YES;
				CLANG_WARN_EMPTY_BODY = YES;
				CLANG_WARN_ENUM_CONVERSION = YES;
				CLANG_WARN_INFINITE_RECURSION = YES;
				CLANG_WARN_INT_CONVERSION = YES;
				CLANG_WARN_OBJC_ROOT_CLASS = YES_ERROR;
				CLANG_WARN_SUSPICIOUS_MOVES = YES;
				CLANG_WARN_UNREACHABLE_CODE = YES;
				CLANG_WARN__DUPLICATE_METHOD_MATCH = YES;
				"CODE_SIGN_IDENTITY[sdk=iphoneos*]" = "iPhone Developer";
				COPY_PHASE_STRIP = NO;
				DEBUG_INFORMATION_FORMAT = "dwarf-with-dsym";
				ENABLE_NS_ASSERTIONS = NO;
				ENABLE_STRICT_OBJC_MSGSEND = YES;
				GCC_C_LANGUAGE_STANDARD = gnu99;
				GCC_NO_COMMON_BLOCKS = YES;
				GCC_WARN_64_TO_32_BIT_CONVERSION = YES;
				GCC_WARN_ABOUT_RETURN_TYPE = YES_ERROR;
				GCC_WARN_UNDECLARED_SELECTOR = YES;
				GCC_WARN_UNINITIALIZED_AUTOS = YES_AGGRESSIVE;
				GCC_WARN_UNUSED_FUNCTION = YES;
				GCC_WARN_UNUSED_VARIABLE = YES;
				IPHONEOS_DEPLOYMENT_TARGET = 8.4;
				MTL_ENABLE_DEBUG_INFO = NO;
				SDKROOT = iphoneos;
				SWIFT_OPTIMIZATION_LEVEL = "-Owholemodule";
				SWIFT_VERSION = 3.0;
				TARGETED_DEVICE_FAMILY = 2;
				VALIDATE_PRODUCT = YES;
			};
			name = Release;
		};
		0F08FCF71DB1CFF50033E9F4 /* Debug */ = {
			isa = XCBuildConfiguration;
			baseConfigurationReference = 7C54BA333F66D95A62E27705 /* Pods-SwiftPad.debug.xcconfig */;
			buildSettings = {
				ASSETCATALOG_COMPILER_APPICON_NAME = AppIcon;
				DEVELOPMENT_TEAM = KZJH6SNM75;
				ENABLE_BITCODE = NO;
				INFOPLIST_FILE = SwiftPad/Info.plist;
				IPHONEOS_DEPLOYMENT_TARGET = 9.0;
				LD_RUNPATH_SEARCH_PATHS = "$(inherited) @executable_path/Frameworks";
				PRODUCT_BUNDLE_IDENTIFIER = com.SwiftPad;
				PRODUCT_NAME = "$(TARGET_NAME)";
				SWIFT_OBJC_BRIDGING_HEADER = SwiftPad/SwiftPad_bridging_header.h;
				SWIFT_VERSION = 3.0;
			};
			name = Debug;
		};
		0F08FCF81DB1CFF50033E9F4 /* Release */ = {
			isa = XCBuildConfiguration;
			baseConfigurationReference = 21AA7724F6101AE4FB6A98B7 /* Pods-SwiftPad.release.xcconfig */;
			buildSettings = {
				ASSETCATALOG_COMPILER_APPICON_NAME = AppIcon;
				DEVELOPMENT_TEAM = KZJH6SNM75;
				ENABLE_BITCODE = NO;
				INFOPLIST_FILE = SwiftPad/Info.plist;
				IPHONEOS_DEPLOYMENT_TARGET = 9.0;
				LD_RUNPATH_SEARCH_PATHS = "$(inherited) @executable_path/Frameworks";
				PRODUCT_BUNDLE_IDENTIFIER = com.SwiftPad;
				PRODUCT_NAME = "$(TARGET_NAME)";
				SWIFT_OBJC_BRIDGING_HEADER = SwiftPad/SwiftPad_bridging_header.h;
				SWIFT_VERSION = 3.0;
			};
			name = Release;
		};
		0F08FCFA1DB1CFF50033E9F4 /* Debug */ = {
			isa = XCBuildConfiguration;
			baseConfigurationReference = 154F4D929832FC5FF519ADD6 /* Pods-SwiftPadTests.debug.xcconfig */;
			buildSettings = {
				ALWAYS_EMBED_SWIFT_STANDARD_LIBRARIES = YES;
				BUNDLE_LOADER = "$(TEST_HOST)";
				DEVELOPMENT_TEAM = MKQ89D2PC4;
				INFOPLIST_FILE = SwiftPadTests/Info.plist;
				LD_RUNPATH_SEARCH_PATHS = "$(inherited) @executable_path/Frameworks @loader_path/Frameworks";
				PRODUCT_BUNDLE_IDENTIFIER = com.SwiftPadTests;
				PRODUCT_NAME = "$(TARGET_NAME)";
				SWIFT_VERSION = 3.0;
				TEST_HOST = "$(BUILT_PRODUCTS_DIR)/SwiftPad.app/SwiftPad";
			};
			name = Debug;
		};
		0F08FCFB1DB1CFF50033E9F4 /* Release */ = {
			isa = XCBuildConfiguration;
			baseConfigurationReference = 25FE869FFC271AB577CF2D32 /* Pods-SwiftPadTests.release.xcconfig */;
			buildSettings = {
				ALWAYS_EMBED_SWIFT_STANDARD_LIBRARIES = YES;
				BUNDLE_LOADER = "$(TEST_HOST)";
				DEVELOPMENT_TEAM = MKQ89D2PC4;
				INFOPLIST_FILE = SwiftPadTests/Info.plist;
				LD_RUNPATH_SEARCH_PATHS = "$(inherited) @executable_path/Frameworks @loader_path/Frameworks";
				PRODUCT_BUNDLE_IDENTIFIER = com.SwiftPadTests;
				PRODUCT_NAME = "$(TARGET_NAME)";
				SWIFT_VERSION = 3.0;
				TEST_HOST = "$(BUILT_PRODUCTS_DIR)/SwiftPad.app/SwiftPad";
			};
			name = Release;
		};
		0F08FCFD1DB1CFF50033E9F4 /* Debug */ = {
			isa = XCBuildConfiguration;
			baseConfigurationReference = D1F638F7D66E1EB248BB50EE /* Pods-SwiftPadUITests.debug.xcconfig */;
			buildSettings = {
				ALWAYS_EMBED_SWIFT_STANDARD_LIBRARIES = YES;
				DEVELOPMENT_TEAM = MKQ89D2PC4;
				INFOPLIST_FILE = SwiftPadUITests/Info.plist;
				LD_RUNPATH_SEARCH_PATHS = "$(inherited) @executable_path/Frameworks @loader_path/Frameworks";
				PRODUCT_BUNDLE_IDENTIFIER = com.SwiftPadUITests;
				PRODUCT_NAME = "$(TARGET_NAME)";
				SWIFT_VERSION = 3.0;
				TEST_TARGET_NAME = SwiftPad;
			};
			name = Debug;
		};
		0F08FCFE1DB1CFF50033E9F4 /* Release */ = {
			isa = XCBuildConfiguration;
			baseConfigurationReference = 28694C791EFB4587AD5A2D71 /* Pods-SwiftPadUITests.release.xcconfig */;
			buildSettings = {
				ALWAYS_EMBED_SWIFT_STANDARD_LIBRARIES = YES;
				DEVELOPMENT_TEAM = MKQ89D2PC4;
				INFOPLIST_FILE = SwiftPadUITests/Info.plist;
				LD_RUNPATH_SEARCH_PATHS = "$(inherited) @executable_path/Frameworks @loader_path/Frameworks";
				PRODUCT_BUNDLE_IDENTIFIER = com.SwiftPadUITests;
				PRODUCT_NAME = "$(TARGET_NAME)";
				SWIFT_VERSION = 3.0;
				TEST_TARGET_NAME = SwiftPad;
			};
			name = Release;
		};
/* End XCBuildConfiguration section */

/* Begin XCConfigurationList section */
		0F08FCC71DB1CFF40033E9F4 /* Build configuration list for PBXProject "SwiftPad" */ = {
			isa = XCConfigurationList;
			buildConfigurations = (
				0F08FCF41DB1CFF50033E9F4 /* Debug */,
				0F08FCF51DB1CFF50033E9F4 /* Release */,
			);
			defaultConfigurationIsVisible = 0;
			defaultConfigurationName = Release;
		};
		0F08FCF61DB1CFF50033E9F4 /* Build configuration list for PBXNativeTarget "SwiftPad" */ = {
			isa = XCConfigurationList;
			buildConfigurations = (
				0F08FCF71DB1CFF50033E9F4 /* Debug */,
				0F08FCF81DB1CFF50033E9F4 /* Release */,
			);
			defaultConfigurationIsVisible = 0;
			defaultConfigurationName = Release;
		};
		0F08FCF91DB1CFF50033E9F4 /* Build configuration list for PBXNativeTarget "SwiftPadTests" */ = {
			isa = XCConfigurationList;
			buildConfigurations = (
				0F08FCFA1DB1CFF50033E9F4 /* Debug */,
				0F08FCFB1DB1CFF50033E9F4 /* Release */,
			);
			defaultConfigurationIsVisible = 0;
			defaultConfigurationName = Release;
		};
		0F08FCFC1DB1CFF50033E9F4 /* Build configuration list for PBXNativeTarget "SwiftPadUITests" */ = {
			isa = XCConfigurationList;
			buildConfigurations = (
				0F08FCFD1DB1CFF50033E9F4 /* Debug */,
				0F08FCFE1DB1CFF50033E9F4 /* Release */,
			);
			defaultConfigurationIsVisible = 0;
			defaultConfigurationName = Release;
		};
/* End XCConfigurationList section */
	};
	rootObject = 0F08FCC41DB1CFF40033E9F4 /* Project object */;
}
